<?xml version="1.0" encoding="utf-8"?>
<Project ToolsVersion="15.0" xmlns="http://schemas.microsoft.com/developer/msbuild/2003">
  <ItemGroup>
    <CustomBuild Include="D:\GitHub\PhysX\physx\compiler\vc15win64\CMakeFiles\783aa0d8c39c61899012faf0c57a59f6\INSTALL_force.rule">
      <Filter>CMake Rules</Filter>
    </CustomBuild>
  </ItemGroup>
  <ItemGroup>
    <Filter Include="CMake Rules">
      <UniqueIdentifier>{CE49ABBC-B553-306D-9ACD-4FF70D548D27}</UniqueIdentifier>
    </Filter>
  </ItemGroup>
</Project>
