
Microsoft Visual Studio Solution File, Format Version 12.00
# Visual Studio 15
VisualStudioVersion = 15.0.28307.1738
MinimumVisualStudioVersion = 10.0.40219.1
Project("{2150E333-8FDC-42A3-9474-1A3956D46DE8}") = "CMakePredefinedTargets", "CMakePredefinedTargets", "{E2EC0CC3-A1EC-3A7A-BD56-17224057F583}"
EndProject
Project("{2150E333-8FDC-42A3-9474-1A3956D46DE8}") = "PhysX SDK", "PhysX SDK", "{1673C03A-2491-3FBE-9AD8-01DC92F6FE48}"
EndProject
Project("{2150E333-8FDC-42A3-9474-1A3956D46DE8}") = "PhysX Samples", "PhysX Samples", "{573EAA83-470F-3D5B-8E03-DBF257273B2C}"
EndProject
Project("{2150E333-8FDC-42A3-9474-1A3956D46DE8}") = "Snippets", "Snippets", "{3705DC60-CD6B-3797-BE72-098F25421863}"
EndProject
Project("{8BC9CEB8-8B4A-11D0-8D11-00A0C91BC942}") = "ALL_BUILD", "ALL_BUILD.vcxproj", "{4A7DA3C8-7AC9-3C34-B216-BD25E8688866}"
	ProjectSection(ProjectDependencies) = postProject
		{60EB6EFC-8093-38F8-ABC1-6813418D1BE6} = {60EB6EFC-8093-38F8-ABC1-6813418D1BE6}
		{A9780C6A-3069-30CF-A438-0B3F9BD01D5F} = {A9780C6A-3069-30CF-A438-0B3F9BD01D5F}
		{FD3EA3BC-ACC6-34A8-B267-CB041094E904} = {FD3EA3BC-ACC6-34A8-B267-CB041094E904}
		{1AC6D063-C053-3705-AA47-077B22A586F4} = {1AC6D063-C053-3705-AA47-077B22A586F4}
		{7631EDC1-7236-34E8-B956-8B4D7D6710A8} = {7631EDC1-7236-34E8-B956-8B4D7D6710A8}
		{97F4C49B-D6B3-3BDC-9546-F0966261A4E9} = {97F4C49B-D6B3-3BDC-9546-F0966261A4E9}
		{C85C0589-BD44-36B5-A6B0-EAAB915CF673} = {C85C0589-BD44-36B5-A6B0-EAAB915CF673}
		{BDC95B82-C5F5-354B-925C-6CBDD0FB5903} = {BDC95B82-C5F5-354B-925C-6CBDD0FB5903}
		{BAF68684-F6E9-3169-B5DF-16C75B2E5EAE} = {BAF68684-F6E9-3169-B5DF-16C75B2E5EAE}
		{F533A466-4E03-32AA-9E0E-995F05D6C773} = {F533A466-4E03-32AA-9E0E-995F05D6C773}
		{0FBDF94A-CBCC-391B-AC96-CDA6F28FE2FD} = {0FBDF94A-CBCC-391B-AC96-CDA6F28FE2FD}
		{891D1BAB-03C7-3F41-96BF-6B68F9A1F068} = {891D1BAB-03C7-3F41-96BF-6B68F9A1F068}
		{E414D207-030F-384D-908E-E72A355ABBAF} = {E414D207-030F-384D-908E-E72A355ABBAF}
		{8A705FA8-D661-3161-B6AB-44DA50DD253B} = {8A705FA8-D661-3161-B6AB-44DA50DD253B}
		{3A56DF3D-B3E4-345E-AE92-5A730DDD59EC} = {3A56DF3D-B3E4-345E-AE92-5A730DDD59EC}
		{3DA81FD6-7BA1-35E8-886C-89A923382F81} = {3DA81FD6-7BA1-35E8-886C-89A923382F81}
		{5269E68D-6120-3A34-85DB-3E4ED824FF4F} = {5269E68D-6120-3A34-85DB-3E4ED824FF4F}
		{6EE85052-BD18-3174-89CB-4091DCF0E3B6} = {6EE85052-BD18-3174-89CB-4091DCF0E3B6}
		{45F5234E-2C5D-3200-BC6F-0355258295B0} = {45F5234E-2C5D-3200-BC6F-0355258295B0}
		{50E5F16C-8A0E-3471-8DE8-1166F67C3EE4} = {50E5F16C-8A0E-3471-8DE8-1166F67C3EE4}
		{227CD2EA-A1BE-3502-80F9-B906E7A2C81C} = {227CD2EA-A1BE-3502-80F9-B906E7A2C81C}
		{AF7FE025-2B35-3638-BDFD-066B7F8F6C8E} = {AF7FE025-2B35-3638-BDFD-066B7F8F6C8E}
		{F45B39DE-7372-38AE-9C30-450BD452B38D} = {F45B39DE-7372-38AE-9C30-450BD452B38D}
		{93703804-9ACB-390E-9A77-C1746555402C} = {93703804-9ACB-390E-9A77-C1746555402C}
		{D836E953-C291-32DF-A039-CDB512919049} = {D836E953-C291-32DF-A039-CDB512919049}
		{D7D0BE8E-1CA8-3437-9395-1D5AC4B62622} = {D7D0BE8E-1CA8-3437-9395-1D5AC4B62622}
		{8CF178F6-7B50-3F6D-B806-48D17D181C58} = {8CF178F6-7B50-3F6D-B806-48D17D181C58}
		{0B43DA2A-493B-3940-A277-359089996C3B} = {0B43DA2A-493B-3940-A277-359089996C3B}
		{66222892-3A27-36C1-8FA1-8614E0D4F1C5} = {66222892-3A27-36C1-8FA1-8614E0D4F1C5}
		{06EA8E42-8BE8-3CDF-8306-49471D484C47} = {06EA8E42-8BE8-3CDF-8306-49471D484C47}
		{52D58676-4DDE-3319-9CDB-86AF41A56275} = {52D58676-4DDE-3319-9CDB-86AF41A56275}
		{1589EF9A-ACD7-36C0-9484-A77F0FB169EA} = {1589EF9A-ACD7-36C0-9484-A77F0FB169EA}
		{82F508DE-3950-3E59-B835-70875A7E9946} = {82F508DE-3950-3E59-B835-70875A7E9946}
		{506653F4-714F-3D71-BF0B-003A2CCEE2BB} = {506653F4-714F-3D71-BF0B-003A2CCEE2BB}
		{3CD6E2E0-AB37-3132-8068-23D458401D95} = {3CD6E2E0-AB37-3132-8068-23D458401D95}
		{629D9A47-9BAD-3679-9A94-659D2E6B1925} = {629D9A47-9BAD-3679-9A94-659D2E6B1925}
		{BE59F538-E7FA-30E2-97CD-D804B67362B2} = {BE59F538-E7FA-30E2-97CD-D804B67362B2}
		{E3546A61-393D-3523-A421-BC59EA06D592} = {E3546A61-393D-3523-A421-BC59EA06D592}
		{C4350D3C-47FC-38AE-BCF5-6AF2B5ABD5B1} = {C4350D3C-47FC-38AE-BCF5-6AF2B5ABD5B1}
		{ED3695A9-CE2E-3ACE-9FCE-8D053D11BC0A} = {ED3695A9-CE2E-3ACE-9FCE-8D053D11BC0A}
		{FA25BEA0-30CF-3C57-9860-83B57508DBA2} = {FA25BEA0-30CF-3C57-9860-83B57508DBA2}
		{6347E49F-3DED-3501-B1AE-7FE5AAEFDAC7} = {6347E49F-3DED-3501-B1AE-7FE5AAEFDAC7}
		{914E849C-590A-3188-BAF4-344EBA84E98B} = {914E849C-590A-3188-BAF4-344EBA84E98B}
		{DDF59903-290E-3B3A-8D4A-ADA512AB8121} = {DDF59903-290E-3B3A-8D4A-ADA512AB8121}
		{DB7FFA01-92E8-3B66-8FC8-175CA93EC373} = {DB7FFA01-92E8-3B66-8FC8-175CA93EC373}
		{05A7FEB2-C50A-3B85-A6C2-3F1139E5F242} = {05A7FEB2-C50A-3B85-A6C2-3F1139E5F242}
		{11204DAC-8404-3394-92AC-2D90FE6B8919} = {11204DAC-8404-3394-92AC-2D90FE6B8919}
		{5C5EF188-56B4-314B-A2E0-25762231FD0C} = {5C5EF188-56B4-314B-A2E0-25762231FD0C}
		{05EF5E9E-410E-3B31-90C1-BDB605189B1F} = {05EF5E9E-410E-3B31-90C1-BDB605189B1F}
		{AF77320F-9880-3720-9282-632F80D2781E} = {AF77320F-9880-3720-9282-632F80D2781E}
		{254BF2B7-3628-31DA-B32E-7059C7BC9E9A} = {254BF2B7-3628-31DA-B32E-7059C7BC9E9A}
		{082D1889-059B-3A02-9730-7E1CB750BEAE} = {082D1889-059B-3A02-9730-7E1CB750BEAE}
		{F5F9A0C0-91E1-313D-8713-E09C75CD9674} = {F5F9A0C0-91E1-313D-8713-E09C75CD9674}
		{FB9D99A4-337F-3F06-80AB-BFA65263B504} = {FB9D99A4-337F-3F06-80AB-BFA65263B504}
		{A414168B-8592-31DE-BB0A-2536266D78E6} = {A414168B-8592-31DE-BB0A-2536266D78E6}
		{2C6CB496-9C22-3BF1-8B20-6A7B6E9BEE51} = {2C6CB496-9C22-3BF1-8B20-6A7B6E9BEE51}
		{C58777B4-C8EA-38A1-BF63-2949E132B3B4} = {C58777B4-C8EA-38A1-BF63-2949E132B3B4}
	EndProjectSection
EndProject
Project("{8BC9CEB8-8B4A-11D0-8D11-00A0C91BC942}") = "FastXml", "sdk_source_bin\FastXml.vcxproj", "{60EB6EFC-8093-38F8-ABC1-6813418D1BE6}"
	ProjectSection(ProjectDependencies) = postProject
		{C58777B4-C8EA-38A1-BF63-2949E132B3B4} = {C58777B4-C8EA-38A1-BF63-2949E132B3B4}
	EndProjectSection
EndProject
Project("{8BC9CEB8-8B4A-11D0-8D11-00A0C91BC942}") = "INSTALL", "INSTALL.vcxproj", "{33755BCB-99F0-349C-B570-5D32A174725C}"
	ProjectSection(ProjectDependencies) = postProject
		{4A7DA3C8-7AC9-3C34-B216-BD25E8688866} = {4A7DA3C8-7AC9-3C34-B216-BD25E8688866}
		{C58777B4-C8EA-38A1-BF63-2949E132B3B4} = {C58777B4-C8EA-38A1-BF63-2949E132B3B4}
	EndProjectSection
EndProject
Project("{8BC9CEB8-8B4A-11D0-8D11-00A0C91BC942}") = "LowLevel", "sdk_source_bin\LowLevel.vcxproj", "{A9780C6A-3069-30CF-A438-0B3F9BD01D5F}"
	ProjectSection(ProjectDependencies) = postProject
		{C58777B4-C8EA-38A1-BF63-2949E132B3B4} = {C58777B4-C8EA-38A1-BF63-2949E132B3B4}
	EndProjectSection
EndProject
Project("{8BC9CEB8-8B4A-11D0-8D11-00A0C91BC942}") = "LowLevelAABB", "sdk_source_bin\LowLevelAABB.vcxproj", "{FD3EA3BC-ACC6-34A8-B267-CB041094E904}"
	ProjectSection(ProjectDependencies) = postProject
		{C58777B4-C8EA-38A1-BF63-2949E132B3B4} = {C58777B4-C8EA-38A1-BF63-2949E132B3B4}
	EndProjectSection
EndProject
Project("{8BC9CEB8-8B4A-11D0-8D11-00A0C91BC942}") = "LowLevelDynamics", "sdk_source_bin\LowLevelDynamics.vcxproj", "{1AC6D063-C053-3705-AA47-077B22A586F4}"
	ProjectSection(ProjectDependencies) = postProject
		{C58777B4-C8EA-38A1-BF63-2949E132B3B4} = {C58777B4-C8EA-38A1-BF63-2949E132B3B4}
	EndProjectSection
EndProject
Project("{8BC9CEB8-8B4A-11D0-8D11-00A0C91BC942}") = "PhysX", "sdk_source_bin\PhysX.vcxproj", "{7631EDC1-7236-34E8-B956-8B4D7D6710A8}"
	ProjectSection(ProjectDependencies) = postProject
		{A9780C6A-3069-30CF-A438-0B3F9BD01D5F} = {A9780C6A-3069-30CF-A438-0B3F9BD01D5F}
		{FD3EA3BC-ACC6-34A8-B267-CB041094E904} = {FD3EA3BC-ACC6-34A8-B267-CB041094E904}
		{1AC6D063-C053-3705-AA47-077B22A586F4} = {1AC6D063-C053-3705-AA47-077B22A586F4}
		{C85C0589-BD44-36B5-A6B0-EAAB915CF673} = {C85C0589-BD44-36B5-A6B0-EAAB915CF673}
		{F533A466-4E03-32AA-9E0E-995F05D6C773} = {F533A466-4E03-32AA-9E0E-995F05D6C773}
		{0FBDF94A-CBCC-391B-AC96-CDA6F28FE2FD} = {0FBDF94A-CBCC-391B-AC96-CDA6F28FE2FD}
		{891D1BAB-03C7-3F41-96BF-6B68F9A1F068} = {891D1BAB-03C7-3F41-96BF-6B68F9A1F068}
		{50E5F16C-8A0E-3471-8DE8-1166F67C3EE4} = {50E5F16C-8A0E-3471-8DE8-1166F67C3EE4}
		{227CD2EA-A1BE-3502-80F9-B906E7A2C81C} = {227CD2EA-A1BE-3502-80F9-B906E7A2C81C}
		{C58777B4-C8EA-38A1-BF63-2949E132B3B4} = {C58777B4-C8EA-38A1-BF63-2949E132B3B4}
	EndProjectSection
EndProject
Project("{8BC9CEB8-8B4A-11D0-8D11-00A0C91BC942}") = "PhysXCharacterKinematic", "sdk_source_bin\PhysXCharacterKinematic.vcxproj", "{97F4C49B-D6B3-3BDC-9546-F0966261A4E9}"
	ProjectSection(ProjectDependencies) = postProject
		{F533A466-4E03-32AA-9E0E-995F05D6C773} = {F533A466-4E03-32AA-9E0E-995F05D6C773}
		{C58777B4-C8EA-38A1-BF63-2949E132B3B4} = {C58777B4-C8EA-38A1-BF63-2949E132B3B4}
	EndProjectSection
EndProject
Project("{8BC9CEB8-8B4A-11D0-8D11-00A0C91BC942}") = "PhysXCommon", "sdk_source_bin\PhysXCommon.vcxproj", "{C85C0589-BD44-36B5-A6B0-EAAB915CF673}"
	ProjectSection(ProjectDependencies) = postProject
		{F533A466-4E03-32AA-9E0E-995F05D6C773} = {F533A466-4E03-32AA-9E0E-995F05D6C773}
		{C58777B4-C8EA-38A1-BF63-2949E132B3B4} = {C58777B4-C8EA-38A1-BF63-2949E132B3B4}
	EndProjectSection
EndProject
Project("{8BC9CEB8-8B4A-11D0-8D11-00A0C91BC942}") = "PhysXCooking", "sdk_source_bin\PhysXCooking.vcxproj", "{BDC95B82-C5F5-354B-925C-6CBDD0FB5903}"
	ProjectSection(ProjectDependencies) = postProject
		{C85C0589-BD44-36B5-A6B0-EAAB915CF673} = {C85C0589-BD44-36B5-A6B0-EAAB915CF673}
		{F533A466-4E03-32AA-9E0E-995F05D6C773} = {F533A466-4E03-32AA-9E0E-995F05D6C773}
		{C58777B4-C8EA-38A1-BF63-2949E132B3B4} = {C58777B4-C8EA-38A1-BF63-2949E132B3B4}
	EndProjectSection
EndProject
Project("{8BC9CEB8-8B4A-11D0-8D11-00A0C91BC942}") = "PhysXExtensions", "sdk_source_bin\PhysXExtensions.vcxproj", "{BAF68684-F6E9-3169-B5DF-16C75B2E5EAE}"
	ProjectSection(ProjectDependencies) = postProject
		{60EB6EFC-8093-38F8-ABC1-6813418D1BE6} = {60EB6EFC-8093-38F8-ABC1-6813418D1BE6}
		{7631EDC1-7236-34E8-B956-8B4D7D6710A8} = {7631EDC1-7236-34E8-B956-8B4D7D6710A8}
		{C85C0589-BD44-36B5-A6B0-EAAB915CF673} = {C85C0589-BD44-36B5-A6B0-EAAB915CF673}
		{F533A466-4E03-32AA-9E0E-995F05D6C773} = {F533A466-4E03-32AA-9E0E-995F05D6C773}
		{0FBDF94A-CBCC-391B-AC96-CDA6F28FE2FD} = {0FBDF94A-CBCC-391B-AC96-CDA6F28FE2FD}
		{C58777B4-C8EA-38A1-BF63-2949E132B3B4} = {C58777B4-C8EA-38A1-BF63-2949E132B3B4}
	EndProjectSection
EndProject
Project("{8BC9CEB8-8B4A-11D0-8D11-00A0C91BC942}") = "PhysXFoundation", "sdk_source_bin\PhysXFoundation.vcxproj", "{F533A466-4E03-32AA-9E0E-995F05D6C773}"
	ProjectSection(ProjectDependencies) = postProject
		{C58777B4-C8EA-38A1-BF63-2949E132B3B4} = {C58777B4-C8EA-38A1-BF63-2949E132B3B4}
	EndProjectSection
EndProject
Project("{8BC9CEB8-8B4A-11D0-8D11-00A0C91BC942}") = "PhysXPvdSDK", "sdk_source_bin\PhysXPvdSDK.vcxproj", "{0FBDF94A-CBCC-391B-AC96-CDA6F28FE2FD}"
	ProjectSection(ProjectDependencies) = postProject
		{F533A466-4E03-32AA-9E0E-995F05D6C773} = {F533A466-4E03-32AA-9E0E-995F05D6C773}
		{C58777B4-C8EA-38A1-BF63-2949E132B3B4} = {C58777B4-C8EA-38A1-BF63-2949E132B3B4}
	EndProjectSection
EndProject
Project("{8BC9CEB8-8B4A-11D0-8D11-00A0C91BC942}") = "PhysXTask", "sdk_source_bin\PhysXTask.vcxproj", "{891D1BAB-03C7-3F41-96BF-6B68F9A1F068}"
	ProjectSection(ProjectDependencies) = postProject
		{C58777B4-C8EA-38A1-BF63-2949E132B3B4} = {C58777B4-C8EA-38A1-BF63-2949E132B3B4}
	EndProjectSection
EndProject
Project("{8BC9CEB8-8B4A-11D0-8D11-00A0C91BC942}") = "PhysXVehicle", "sdk_source_bin\PhysXVehicle.vcxproj", "{E414D207-030F-384D-908E-E72A355ABBAF}"
	ProjectSection(ProjectDependencies) = postProject
		{F533A466-4E03-32AA-9E0E-995F05D6C773} = {F533A466-4E03-32AA-9E0E-995F05D6C773}
		{0FBDF94A-CBCC-391B-AC96-CDA6F28FE2FD} = {0FBDF94A-CBCC-391B-AC96-CDA6F28FE2FD}
		{C58777B4-C8EA-38A1-BF63-2949E132B3B4} = {C58777B4-C8EA-38A1-BF63-2949E132B3B4}
	EndProjectSection
EndProject
Project("{8BC9CEB8-8B4A-11D0-8D11-00A0C91BC942}") = "SampleBase", "sdk_samples_bin\SampleBase.vcxproj", "{8A705FA8-D661-3161-B6AB-44DA50DD253B}"
	ProjectSection(ProjectDependencies) = postProject
		{7631EDC1-7236-34E8-B956-8B4D7D6710A8} = {7631EDC1-7236-34E8-B956-8B4D7D6710A8}
		{C85C0589-BD44-36B5-A6B0-EAAB915CF673} = {C85C0589-BD44-36B5-A6B0-EAAB915CF673}
		{BAF68684-F6E9-3169-B5DF-16C75B2E5EAE} = {BAF68684-F6E9-3169-B5DF-16C75B2E5EAE}
		{F533A466-4E03-32AA-9E0E-995F05D6C773} = {F533A466-4E03-32AA-9E0E-995F05D6C773}
		{0FBDF94A-CBCC-391B-AC96-CDA6F28FE2FD} = {0FBDF94A-CBCC-391B-AC96-CDA6F28FE2FD}
		{6EE85052-BD18-3174-89CB-4091DCF0E3B6} = {6EE85052-BD18-3174-89CB-4091DCF0E3B6}
		{C58777B4-C8EA-38A1-BF63-2949E132B3B4} = {C58777B4-C8EA-38A1-BF63-2949E132B3B4}
	EndProjectSection
EndProject
Project("{8BC9CEB8-8B4A-11D0-8D11-00A0C91BC942}") = "SampleFramework", "sdk_samples_bin\SampleFramework.vcxproj", "{3A56DF3D-B3E4-345E-AE92-5A730DDD59EC}"
	ProjectSection(ProjectDependencies) = postProject
		{7631EDC1-7236-34E8-B956-8B4D7D6710A8} = {7631EDC1-7236-34E8-B956-8B4D7D6710A8}
		{C85C0589-BD44-36B5-A6B0-EAAB915CF673} = {C85C0589-BD44-36B5-A6B0-EAAB915CF673}
		{BAF68684-F6E9-3169-B5DF-16C75B2E5EAE} = {BAF68684-F6E9-3169-B5DF-16C75B2E5EAE}
		{F533A466-4E03-32AA-9E0E-995F05D6C773} = {F533A466-4E03-32AA-9E0E-995F05D6C773}
		{0FBDF94A-CBCC-391B-AC96-CDA6F28FE2FD} = {0FBDF94A-CBCC-391B-AC96-CDA6F28FE2FD}
		{6EE85052-BD18-3174-89CB-4091DCF0E3B6} = {6EE85052-BD18-3174-89CB-4091DCF0E3B6}
		{C58777B4-C8EA-38A1-BF63-2949E132B3B4} = {C58777B4-C8EA-38A1-BF63-2949E132B3B4}
	EndProjectSection
EndProject
Project("{8BC9CEB8-8B4A-11D0-8D11-00A0C91BC942}") = "SamplePlatform", "sdk_samples_bin\SamplePlatform.vcxproj", "{3DA81FD6-7BA1-35E8-886C-89A923382F81}"
	ProjectSection(ProjectDependencies) = postProject
		{7631EDC1-7236-34E8-B956-8B4D7D6710A8} = {7631EDC1-7236-34E8-B956-8B4D7D6710A8}
		{C85C0589-BD44-36B5-A6B0-EAAB915CF673} = {C85C0589-BD44-36B5-A6B0-EAAB915CF673}
		{BAF68684-F6E9-3169-B5DF-16C75B2E5EAE} = {BAF68684-F6E9-3169-B5DF-16C75B2E5EAE}
		{F533A466-4E03-32AA-9E0E-995F05D6C773} = {F533A466-4E03-32AA-9E0E-995F05D6C773}
		{0FBDF94A-CBCC-391B-AC96-CDA6F28FE2FD} = {0FBDF94A-CBCC-391B-AC96-CDA6F28FE2FD}
		{6EE85052-BD18-3174-89CB-4091DCF0E3B6} = {6EE85052-BD18-3174-89CB-4091DCF0E3B6}
		{C58777B4-C8EA-38A1-BF63-2949E132B3B4} = {C58777B4-C8EA-38A1-BF63-2949E132B3B4}
	EndProjectSection
EndProject
Project("{8BC9CEB8-8B4A-11D0-8D11-00A0C91BC942}") = "SampleRenderer", "sdk_samples_bin\SampleRenderer.vcxproj", "{5269E68D-6120-3A34-85DB-3E4ED824FF4F}"
	ProjectSection(ProjectDependencies) = postProject
		{7631EDC1-7236-34E8-B956-8B4D7D6710A8} = {7631EDC1-7236-34E8-B956-8B4D7D6710A8}
		{C85C0589-BD44-36B5-A6B0-EAAB915CF673} = {C85C0589-BD44-36B5-A6B0-EAAB915CF673}
		{BAF68684-F6E9-3169-B5DF-16C75B2E5EAE} = {BAF68684-F6E9-3169-B5DF-16C75B2E5EAE}
		{F533A466-4E03-32AA-9E0E-995F05D6C773} = {F533A466-4E03-32AA-9E0E-995F05D6C773}
		{0FBDF94A-CBCC-391B-AC96-CDA6F28FE2FD} = {0FBDF94A-CBCC-391B-AC96-CDA6F28FE2FD}
		{6EE85052-BD18-3174-89CB-4091DCF0E3B6} = {6EE85052-BD18-3174-89CB-4091DCF0E3B6}
		{C58777B4-C8EA-38A1-BF63-2949E132B3B4} = {C58777B4-C8EA-38A1-BF63-2949E132B3B4}
	EndProjectSection
EndProject
Project("{8BC9CEB8-8B4A-11D0-8D11-00A0C91BC942}") = "SampleToolkit", "sdk_samples_bin\SampleToolkit.vcxproj", "{6EE85052-BD18-3174-89CB-4091DCF0E3B6}"
	ProjectSection(ProjectDependencies) = postProject
		{7631EDC1-7236-34E8-B956-8B4D7D6710A8} = {7631EDC1-7236-34E8-B956-8B4D7D6710A8}
		{C85C0589-BD44-36B5-A6B0-EAAB915CF673} = {C85C0589-BD44-36B5-A6B0-EAAB915CF673}
		{BAF68684-F6E9-3169-B5DF-16C75B2E5EAE} = {BAF68684-F6E9-3169-B5DF-16C75B2E5EAE}
		{F533A466-4E03-32AA-9E0E-995F05D6C773} = {F533A466-4E03-32AA-9E0E-995F05D6C773}
		{0FBDF94A-CBCC-391B-AC96-CDA6F28FE2FD} = {0FBDF94A-CBCC-391B-AC96-CDA6F28FE2FD}
		{C58777B4-C8EA-38A1-BF63-2949E132B3B4} = {C58777B4-C8EA-38A1-BF63-2949E132B3B4}
	EndProjectSection
EndProject
Project("{8BC9CEB8-8B4A-11D0-8D11-00A0C91BC942}") = "Samples", "sdk_samples_bin\Samples.vcxproj", "{45F5234E-2C5D-3200-BC6F-0355258295B0}"
	ProjectSection(ProjectDependencies) = postProject
		{7631EDC1-7236-34E8-B956-8B4D7D6710A8} = {7631EDC1-7236-34E8-B956-8B4D7D6710A8}
		{97F4C49B-D6B3-3BDC-9546-F0966261A4E9} = {97F4C49B-D6B3-3BDC-9546-F0966261A4E9}
		{C85C0589-BD44-36B5-A6B0-EAAB915CF673} = {C85C0589-BD44-36B5-A6B0-EAAB915CF673}
		{BDC95B82-C5F5-354B-925C-6CBDD0FB5903} = {BDC95B82-C5F5-354B-925C-6CBDD0FB5903}
		{BAF68684-F6E9-3169-B5DF-16C75B2E5EAE} = {BAF68684-F6E9-3169-B5DF-16C75B2E5EAE}
		{F533A466-4E03-32AA-9E0E-995F05D6C773} = {F533A466-4E03-32AA-9E0E-995F05D6C773}
		{0FBDF94A-CBCC-391B-AC96-CDA6F28FE2FD} = {0FBDF94A-CBCC-391B-AC96-CDA6F28FE2FD}
		{E414D207-030F-384D-908E-E72A355ABBAF} = {E414D207-030F-384D-908E-E72A355ABBAF}
		{8A705FA8-D661-3161-B6AB-44DA50DD253B} = {8A705FA8-D661-3161-B6AB-44DA50DD253B}
		{3A56DF3D-B3E4-345E-AE92-5A730DDD59EC} = {3A56DF3D-B3E4-345E-AE92-5A730DDD59EC}
		{3DA81FD6-7BA1-35E8-886C-89A923382F81} = {3DA81FD6-7BA1-35E8-886C-89A923382F81}
		{5269E68D-6120-3A34-85DB-3E4ED824FF4F} = {5269E68D-6120-3A34-85DB-3E4ED824FF4F}
		{6EE85052-BD18-3174-89CB-4091DCF0E3B6} = {6EE85052-BD18-3174-89CB-4091DCF0E3B6}
		{C58777B4-C8EA-38A1-BF63-2949E132B3B4} = {C58777B4-C8EA-38A1-BF63-2949E132B3B4}
	EndProjectSection
EndProject
Project("{8BC9CEB8-8B4A-11D0-8D11-00A0C91BC942}") = "SceneQuery", "sdk_source_bin\SceneQuery.vcxproj", "{50E5F16C-8A0E-3471-8DE8-1166F67C3EE4}"
	ProjectSection(ProjectDependencies) = postProject
		{C58777B4-C8EA-38A1-BF63-2949E132B3B4} = {C58777B4-C8EA-38A1-BF63-2949E132B3B4}
	EndProjectSection
EndProject
Project("{8BC9CEB8-8B4A-11D0-8D11-00A0C91BC942}") = "SimulationController", "sdk_source_bin\SimulationController.vcxproj", "{227CD2EA-A1BE-3502-80F9-B906E7A2C81C}"
	ProjectSection(ProjectDependencies) = postProject
		{C58777B4-C8EA-38A1-BF63-2949E132B3B4} = {C58777B4-C8EA-38A1-BF63-2949E132B3B4}
	EndProjectSection
EndProject
Project("{8BC9CEB8-8B4A-11D0-8D11-00A0C91BC942}") = "SnippetArticulation", "sdk_snippets_bin\SnippetArticulation.vcxproj", "{AF7FE025-2B35-3638-BDFD-066B7F8F6C8E}"
	ProjectSection(ProjectDependencies) = postProject
		{7631EDC1-7236-34E8-B956-8B4D7D6710A8} = {7631EDC1-7236-34E8-B956-8B4D7D6710A8}
		{97F4C49B-D6B3-3BDC-9546-F0966261A4E9} = {97F4C49B-D6B3-3BDC-9546-F0966261A4E9}
		{C85C0589-BD44-36B5-A6B0-EAAB915CF673} = {C85C0589-BD44-36B5-A6B0-EAAB915CF673}
		{BDC95B82-C5F5-354B-925C-6CBDD0FB5903} = {BDC95B82-C5F5-354B-925C-6CBDD0FB5903}
		{BAF68684-F6E9-3169-B5DF-16C75B2E5EAE} = {BAF68684-F6E9-3169-B5DF-16C75B2E5EAE}
		{F533A466-4E03-32AA-9E0E-995F05D6C773} = {F533A466-4E03-32AA-9E0E-995F05D6C773}
		{0FBDF94A-CBCC-391B-AC96-CDA6F28FE2FD} = {0FBDF94A-CBCC-391B-AC96-CDA6F28FE2FD}
		{E414D207-030F-384D-908E-E72A355ABBAF} = {E414D207-030F-384D-908E-E72A355ABBAF}
		{914E849C-590A-3188-BAF4-344EBA84E98B} = {914E849C-590A-3188-BAF4-344EBA84E98B}
		{AF77320F-9880-3720-9282-632F80D2781E} = {AF77320F-9880-3720-9282-632F80D2781E}
		{C58777B4-C8EA-38A1-BF63-2949E132B3B4} = {C58777B4-C8EA-38A1-BF63-2949E132B3B4}
	EndProjectSection
EndProject
Project("{8BC9CEB8-8B4A-11D0-8D11-00A0C91BC942}") = "SnippetBVHStructure", "sdk_snippets_bin\SnippetBVHStructure.vcxproj", "{F45B39DE-7372-38AE-9C30-450BD452B38D}"
	ProjectSection(ProjectDependencies) = postProject
		{7631EDC1-7236-34E8-B956-8B4D7D6710A8} = {7631EDC1-7236-34E8-B956-8B4D7D6710A8}
		{97F4C49B-D6B3-3BDC-9546-F0966261A4E9} = {97F4C49B-D6B3-3BDC-9546-F0966261A4E9}
		{C85C0589-BD44-36B5-A6B0-EAAB915CF673} = {C85C0589-BD44-36B5-A6B0-EAAB915CF673}
		{BDC95B82-C5F5-354B-925C-6CBDD0FB5903} = {BDC95B82-C5F5-354B-925C-6CBDD0FB5903}
		{BAF68684-F6E9-3169-B5DF-16C75B2E5EAE} = {BAF68684-F6E9-3169-B5DF-16C75B2E5EAE}
		{F533A466-4E03-32AA-9E0E-995F05D6C773} = {F533A466-4E03-32AA-9E0E-995F05D6C773}
		{0FBDF94A-CBCC-391B-AC96-CDA6F28FE2FD} = {0FBDF94A-CBCC-391B-AC96-CDA6F28FE2FD}
		{E414D207-030F-384D-908E-E72A355ABBAF} = {E414D207-030F-384D-908E-E72A355ABBAF}
		{914E849C-590A-3188-BAF4-344EBA84E98B} = {914E849C-590A-3188-BAF4-344EBA84E98B}
		{AF77320F-9880-3720-9282-632F80D2781E} = {AF77320F-9880-3720-9282-632F80D2781E}
		{C58777B4-C8EA-38A1-BF63-2949E132B3B4} = {C58777B4-C8EA-38A1-BF63-2949E132B3B4}
	EndProjectSection
EndProject
Project("{8BC9CEB8-8B4A-11D0-8D11-00A0C91BC942}") = "SnippetContactModification", "sdk_snippets_bin\SnippetContactModification.vcxproj", "{93703804-9ACB-390E-9A77-C1746555402C}"
	ProjectSection(ProjectDependencies) = postProject
		{7631EDC1-7236-34E8-B956-8B4D7D6710A8} = {7631EDC1-7236-34E8-B956-8B4D7D6710A8}
		{97F4C49B-D6B3-3BDC-9546-F0966261A4E9} = {97F4C49B-D6B3-3BDC-9546-F0966261A4E9}
		{C85C0589-BD44-36B5-A6B0-EAAB915CF673} = {C85C0589-BD44-36B5-A6B0-EAAB915CF673}
		{BDC95B82-C5F5-354B-925C-6CBDD0FB5903} = {BDC95B82-C5F5-354B-925C-6CBDD0FB5903}
		{BAF68684-F6E9-3169-B5DF-16C75B2E5EAE} = {BAF68684-F6E9-3169-B5DF-16C75B2E5EAE}
		{F533A466-4E03-32AA-9E0E-995F05D6C773} = {F533A466-4E03-32AA-9E0E-995F05D6C773}
		{0FBDF94A-CBCC-391B-AC96-CDA6F28FE2FD} = {0FBDF94A-CBCC-391B-AC96-CDA6F28FE2FD}
		{E414D207-030F-384D-908E-E72A355ABBAF} = {E414D207-030F-384D-908E-E72A355ABBAF}
		{914E849C-590A-3188-BAF4-344EBA84E98B} = {914E849C-590A-3188-BAF4-344EBA84E98B}
		{AF77320F-9880-3720-9282-632F80D2781E} = {AF77320F-9880-3720-9282-632F80D2781E}
		{C58777B4-C8EA-38A1-BF63-2949E132B3B4} = {C58777B4-C8EA-38A1-BF63-2949E132B3B4}
	EndProjectSection
EndProject
Project("{8BC9CEB8-8B4A-11D0-8D11-00A0C91BC942}") = "SnippetContactReport", "sdk_snippets_bin\SnippetContactReport.vcxproj", "{D836E953-C291-32DF-A039-CDB512919049}"
	ProjectSection(ProjectDependencies) = postProject
		{7631EDC1-7236-34E8-B956-8B4D7D6710A8} = {7631EDC1-7236-34E8-B956-8B4D7D6710A8}
		{97F4C49B-D6B3-3BDC-9546-F0966261A4E9} = {97F4C49B-D6B3-3BDC-9546-F0966261A4E9}
		{C85C0589-BD44-36B5-A6B0-EAAB915CF673} = {C85C0589-BD44-36B5-A6B0-EAAB915CF673}
		{BDC95B82-C5F5-354B-925C-6CBDD0FB5903} = {BDC95B82-C5F5-354B-925C-6CBDD0FB5903}
		{BAF68684-F6E9-3169-B5DF-16C75B2E5EAE} = {BAF68684-F6E9-3169-B5DF-16C75B2E5EAE}
		{F533A466-4E03-32AA-9E0E-995F05D6C773} = {F533A466-4E03-32AA-9E0E-995F05D6C773}
		{0FBDF94A-CBCC-391B-AC96-CDA6F28FE2FD} = {0FBDF94A-CBCC-391B-AC96-CDA6F28FE2FD}
		{E414D207-030F-384D-908E-E72A355ABBAF} = {E414D207-030F-384D-908E-E72A355ABBAF}
		{914E849C-590A-3188-BAF4-344EBA84E98B} = {914E849C-590A-3188-BAF4-344EBA84E98B}
		{AF77320F-9880-3720-9282-632F80D2781E} = {AF77320F-9880-3720-9282-632F80D2781E}
		{C58777B4-C8EA-38A1-BF63-2949E132B3B4} = {C58777B4-C8EA-38A1-BF63-2949E132B3B4}
	EndProjectSection
EndProject
Project("{8BC9CEB8-8B4A-11D0-8D11-00A0C91BC942}") = "SnippetContactReportCCD", "sdk_snippets_bin\SnippetContactReportCCD.vcxproj", "{D7D0BE8E-1CA8-3437-9395-1D5AC4B62622}"
	ProjectSection(ProjectDependencies) = postProject
		{7631EDC1-7236-34E8-B956-8B4D7D6710A8} = {7631EDC1-7236-34E8-B956-8B4D7D6710A8}
		{97F4C49B-D6B3-3BDC-9546-F0966261A4E9} = {97F4C49B-D6B3-3BDC-9546-F0966261A4E9}
		{C85C0589-BD44-36B5-A6B0-EAAB915CF673} = {C85C0589-BD44-36B5-A6B0-EAAB915CF673}
		{BDC95B82-C5F5-354B-925C-6CBDD0FB5903} = {BDC95B82-C5F5-354B-925C-6CBDD0FB5903}
		{BAF68684-F6E9-3169-B5DF-16C75B2E5EAE} = {BAF68684-F6E9-3169-B5DF-16C75B2E5EAE}
		{F533A466-4E03-32AA-9E0E-995F05D6C773} = {F533A466-4E03-32AA-9E0E-995F05D6C773}
		{0FBDF94A-CBCC-391B-AC96-CDA6F28FE2FD} = {0FBDF94A-CBCC-391B-AC96-CDA6F28FE2FD}
		{E414D207-030F-384D-908E-E72A355ABBAF} = {E414D207-030F-384D-908E-E72A355ABBAF}
		{914E849C-590A-3188-BAF4-344EBA84E98B} = {914E849C-590A-3188-BAF4-344EBA84E98B}
		{AF77320F-9880-3720-9282-632F80D2781E} = {AF77320F-9880-3720-9282-632F80D2781E}
		{C58777B4-C8EA-38A1-BF63-2949E132B3B4} = {C58777B4-C8EA-38A1-BF63-2949E132B3B4}
	EndProjectSection
EndProject
Project("{8BC9CEB8-8B4A-11D0-8D11-00A0C91BC942}") = "SnippetConvert", "sdk_snippets_bin\SnippetConvert.vcxproj", "{8CF178F6-7B50-3F6D-B806-48D17D181C58}"
	ProjectSection(ProjectDependencies) = postProject
		{7631EDC1-7236-34E8-B956-8B4D7D6710A8} = {7631EDC1-7236-34E8-B956-8B4D7D6710A8}
		{97F4C49B-D6B3-3BDC-9546-F0966261A4E9} = {97F4C49B-D6B3-3BDC-9546-F0966261A4E9}
		{C85C0589-BD44-36B5-A6B0-EAAB915CF673} = {C85C0589-BD44-36B5-A6B0-EAAB915CF673}
		{BDC95B82-C5F5-354B-925C-6CBDD0FB5903} = {BDC95B82-C5F5-354B-925C-6CBDD0FB5903}
		{BAF68684-F6E9-3169-B5DF-16C75B2E5EAE} = {BAF68684-F6E9-3169-B5DF-16C75B2E5EAE}
		{F533A466-4E03-32AA-9E0E-995F05D6C773} = {F533A466-4E03-32AA-9E0E-995F05D6C773}
		{0FBDF94A-CBCC-391B-AC96-CDA6F28FE2FD} = {0FBDF94A-CBCC-391B-AC96-CDA6F28FE2FD}
		{E414D207-030F-384D-908E-E72A355ABBAF} = {E414D207-030F-384D-908E-E72A355ABBAF}
		{914E849C-590A-3188-BAF4-344EBA84E98B} = {914E849C-590A-3188-BAF4-344EBA84E98B}
		{AF77320F-9880-3720-9282-632F80D2781E} = {AF77320F-9880-3720-9282-632F80D2781E}
		{C58777B4-C8EA-38A1-BF63-2949E132B3B4} = {C58777B4-C8EA-38A1-BF63-2949E132B3B4}
	EndProjectSection
EndProject
Project("{8BC9CEB8-8B4A-11D0-8D11-00A0C91BC942}") = "SnippetConvexMeshCreate", "sdk_snippets_bin\SnippetConvexMeshCreate.vcxproj", "{0B43DA2A-493B-3940-A277-359089996C3B}"
	ProjectSection(ProjectDependencies) = postProject
		{7631EDC1-7236-34E8-B956-8B4D7D6710A8} = {7631EDC1-7236-34E8-B956-8B4D7D6710A8}
		{97F4C49B-D6B3-3BDC-9546-F0966261A4E9} = {97F4C49B-D6B3-3BDC-9546-F0966261A4E9}
		{C85C0589-BD44-36B5-A6B0-EAAB915CF673} = {C85C0589-BD44-36B5-A6B0-EAAB915CF673}
		{BDC95B82-C5F5-354B-925C-6CBDD0FB5903} = {BDC95B82-C5F5-354B-925C-6CBDD0FB5903}
		{BAF68684-F6E9-3169-B5DF-16C75B2E5EAE} = {BAF68684-F6E9-3169-B5DF-16C75B2E5EAE}
		{F533A466-4E03-32AA-9E0E-995F05D6C773} = {F533A466-4E03-32AA-9E0E-995F05D6C773}
		{0FBDF94A-CBCC-391B-AC96-CDA6F28FE2FD} = {0FBDF94A-CBCC-391B-AC96-CDA6F28FE2FD}
		{E414D207-030F-384D-908E-E72A355ABBAF} = {E414D207-030F-384D-908E-E72A355ABBAF}
		{914E849C-590A-3188-BAF4-344EBA84E98B} = {914E849C-590A-3188-BAF4-344EBA84E98B}
		{AF77320F-9880-3720-9282-632F80D2781E} = {AF77320F-9880-3720-9282-632F80D2781E}
		{C58777B4-C8EA-38A1-BF63-2949E132B3B4} = {C58777B4-C8EA-38A1-BF63-2949E132B3B4}
	EndProjectSection
EndProject
Project("{8BC9CEB8-8B4A-11D0-8D11-00A0C91BC942}") = "SnippetCustomJoint", "sdk_snippets_bin\SnippetCustomJoint.vcxproj", "{66222892-3A27-36C1-8FA1-8614E0D4F1C5}"
	ProjectSection(ProjectDependencies) = postProject
		{7631EDC1-7236-34E8-B956-8B4D7D6710A8} = {7631EDC1-7236-34E8-B956-8B4D7D6710A8}
		{97F4C49B-D6B3-3BDC-9546-F0966261A4E9} = {97F4C49B-D6B3-3BDC-9546-F0966261A4E9}
		{C85C0589-BD44-36B5-A6B0-EAAB915CF673} = {C85C0589-BD44-36B5-A6B0-EAAB915CF673}
		{BDC95B82-C5F5-354B-925C-6CBDD0FB5903} = {BDC95B82-C5F5-354B-925C-6CBDD0FB5903}
		{BAF68684-F6E9-3169-B5DF-16C75B2E5EAE} = {BAF68684-F6E9-3169-B5DF-16C75B2E5EAE}
		{F533A466-4E03-32AA-9E0E-995F05D6C773} = {F533A466-4E03-32AA-9E0E-995F05D6C773}
		{0FBDF94A-CBCC-391B-AC96-CDA6F28FE2FD} = {0FBDF94A-CBCC-391B-AC96-CDA6F28FE2FD}
		{E414D207-030F-384D-908E-E72A355ABBAF} = {E414D207-030F-384D-908E-E72A355ABBAF}
		{914E849C-590A-3188-BAF4-344EBA84E98B} = {914E849C-590A-3188-BAF4-344EBA84E98B}
		{AF77320F-9880-3720-9282-632F80D2781E} = {AF77320F-9880-3720-9282-632F80D2781E}
		{C58777B4-C8EA-38A1-BF63-2949E132B3B4} = {C58777B4-C8EA-38A1-BF63-2949E132B3B4}
	EndProjectSection
EndProject
Project("{8BC9CEB8-8B4A-11D0-8D11-00A0C91BC942}") = "SnippetCustomProfiler", "sdk_snippets_bin\SnippetCustomProfiler.vcxproj", "{06EA8E42-8BE8-3CDF-8306-49471D484C47}"
	ProjectSection(ProjectDependencies) = postProject
		{7631EDC1-7236-34E8-B956-8B4D7D6710A8} = {7631EDC1-7236-34E8-B956-8B4D7D6710A8}
		{97F4C49B-D6B3-3BDC-9546-F0966261A4E9} = {97F4C49B-D6B3-3BDC-9546-F0966261A4E9}
		{C85C0589-BD44-36B5-A6B0-EAAB915CF673} = {C85C0589-BD44-36B5-A6B0-EAAB915CF673}
		{BDC95B82-C5F5-354B-925C-6CBDD0FB5903} = {BDC95B82-C5F5-354B-925C-6CBDD0FB5903}
		{BAF68684-F6E9-3169-B5DF-16C75B2E5EAE} = {BAF68684-F6E9-3169-B5DF-16C75B2E5EAE}
		{F533A466-4E03-32AA-9E0E-995F05D6C773} = {F533A466-4E03-32AA-9E0E-995F05D6C773}
		{0FBDF94A-CBCC-391B-AC96-CDA6F28FE2FD} = {0FBDF94A-CBCC-391B-AC96-CDA6F28FE2FD}
		{E414D207-030F-384D-908E-E72A355ABBAF} = {E414D207-030F-384D-908E-E72A355ABBAF}
		{914E849C-590A-3188-BAF4-344EBA84E98B} = {914E849C-590A-3188-BAF4-344EBA84E98B}
		{AF77320F-9880-3720-9282-632F80D2781E} = {AF77320F-9880-3720-9282-632F80D2781E}
		{C58777B4-C8EA-38A1-BF63-2949E132B3B4} = {C58777B4-C8EA-38A1-BF63-2949E132B3B4}
	EndProjectSection
EndProject
Project("{8BC9CEB8-8B4A-11D0-8D11-00A0C91BC942}") = "SnippetDeformableMesh", "sdk_snippets_bin\SnippetDeformableMesh.vcxproj", "{52D58676-4DDE-3319-9CDB-86AF41A56275}"
	ProjectSection(ProjectDependencies) = postProject
		{7631EDC1-7236-34E8-B956-8B4D7D6710A8} = {7631EDC1-7236-34E8-B956-8B4D7D6710A8}
		{97F4C49B-D6B3-3BDC-9546-F0966261A4E9} = {97F4C49B-D6B3-3BDC-9546-F0966261A4E9}
		{C85C0589-BD44-36B5-A6B0-EAAB915CF673} = {C85C0589-BD44-36B5-A6B0-EAAB915CF673}
		{BDC95B82-C5F5-354B-925C-6CBDD0FB5903} = {BDC95B82-C5F5-354B-925C-6CBDD0FB5903}
		{BAF68684-F6E9-3169-B5DF-16C75B2E5EAE} = {BAF68684-F6E9-3169-B5DF-16C75B2E5EAE}
		{F533A466-4E03-32AA-9E0E-995F05D6C773} = {F533A466-4E03-32AA-9E0E-995F05D6C773}
		{0FBDF94A-CBCC-391B-AC96-CDA6F28FE2FD} = {0FBDF94A-CBCC-391B-AC96-CDA6F28FE2FD}
		{E414D207-030F-384D-908E-E72A355ABBAF} = {E414D207-030F-384D-908E-E72A355ABBAF}
		{914E849C-590A-3188-BAF4-344EBA84E98B} = {914E849C-590A-3188-BAF4-344EBA84E98B}
		{AF77320F-9880-3720-9282-632F80D2781E} = {AF77320F-9880-3720-9282-632F80D2781E}
		{C58777B4-C8EA-38A1-BF63-2949E132B3B4} = {C58777B4-C8EA-38A1-BF63-2949E132B3B4}
	EndProjectSection
EndProject
Project("{8BC9CEB8-8B4A-11D0-8D11-00A0C91BC942}") = "SnippetDelayLoadHook", "sdk_snippets_bin\SnippetDelayLoadHook.vcxproj", "{1589EF9A-ACD7-36C0-9484-A77F0FB169EA}"
	ProjectSection(ProjectDependencies) = postProject
		{7631EDC1-7236-34E8-B956-8B4D7D6710A8} = {7631EDC1-7236-34E8-B956-8B4D7D6710A8}
		{97F4C49B-D6B3-3BDC-9546-F0966261A4E9} = {97F4C49B-D6B3-3BDC-9546-F0966261A4E9}
		{C85C0589-BD44-36B5-A6B0-EAAB915CF673} = {C85C0589-BD44-36B5-A6B0-EAAB915CF673}
		{BDC95B82-C5F5-354B-925C-6CBDD0FB5903} = {BDC95B82-C5F5-354B-925C-6CBDD0FB5903}
		{BAF68684-F6E9-3169-B5DF-16C75B2E5EAE} = {BAF68684-F6E9-3169-B5DF-16C75B2E5EAE}
		{F533A466-4E03-32AA-9E0E-995F05D6C773} = {F533A466-4E03-32AA-9E0E-995F05D6C773}
		{0FBDF94A-CBCC-391B-AC96-CDA6F28FE2FD} = {0FBDF94A-CBCC-391B-AC96-CDA6F28FE2FD}
		{E414D207-030F-384D-908E-E72A355ABBAF} = {E414D207-030F-384D-908E-E72A355ABBAF}
		{914E849C-590A-3188-BAF4-344EBA84E98B} = {914E849C-590A-3188-BAF4-344EBA84E98B}
		{AF77320F-9880-3720-9282-632F80D2781E} = {AF77320F-9880-3720-9282-632F80D2781E}
		{C58777B4-C8EA-38A1-BF63-2949E132B3B4} = {C58777B4-C8EA-38A1-BF63-2949E132B3B4}
	EndProjectSection
EndProject
Project("{8BC9CEB8-8B4A-11D0-8D11-00A0C91BC942}") = "SnippetHelloGRB", "sdk_snippets_bin\SnippetHelloGRB.vcxproj", "{82F508DE-3950-3E59-B835-70875A7E9946}"
	ProjectSection(ProjectDependencies) = postProject
		{7631EDC1-7236-34E8-B956-8B4D7D6710A8} = {7631EDC1-7236-34E8-B956-8B4D7D6710A8}
		{97F4C49B-D6B3-3BDC-9546-F0966261A4E9} = {97F4C49B-D6B3-3BDC-9546-F0966261A4E9}
		{C85C0589-BD44-36B5-A6B0-EAAB915CF673} = {C85C0589-BD44-36B5-A6B0-EAAB915CF673}
		{BDC95B82-C5F5-354B-925C-6CBDD0FB5903} = {BDC95B82-C5F5-354B-925C-6CBDD0FB5903}
		{BAF68684-F6E9-3169-B5DF-16C75B2E5EAE} = {BAF68684-F6E9-3169-B5DF-16C75B2E5EAE}
		{F533A466-4E03-32AA-9E0E-995F05D6C773} = {F533A466-4E03-32AA-9E0E-995F05D6C773}
		{0FBDF94A-CBCC-391B-AC96-CDA6F28FE2FD} = {0FBDF94A-CBCC-391B-AC96-CDA6F28FE2FD}
		{E414D207-030F-384D-908E-E72A355ABBAF} = {E414D207-030F-384D-908E-E72A355ABBAF}
		{914E849C-590A-3188-BAF4-344EBA84E98B} = {914E849C-590A-3188-BAF4-344EBA84E98B}
		{AF77320F-9880-3720-9282-632F80D2781E} = {AF77320F-9880-3720-9282-632F80D2781E}
		{C58777B4-C8EA-38A1-BF63-2949E132B3B4} = {C58777B4-C8EA-38A1-BF63-2949E132B3B4}
	EndProjectSection
EndProject
Project("{8BC9CEB8-8B4A-11D0-8D11-00A0C91BC942}") = "SnippetHelloWorld", "sdk_snippets_bin\SnippetHelloWorld.vcxproj", "{506653F4-714F-3D71-BF0B-003A2CCEE2BB}"
	ProjectSection(ProjectDependencies) = postProject
		{7631EDC1-7236-34E8-B956-8B4D7D6710A8} = {7631EDC1-7236-34E8-B956-8B4D7D6710A8}
		{97F4C49B-D6B3-3BDC-9546-F0966261A4E9} = {97F4C49B-D6B3-3BDC-9546-F0966261A4E9}
		{C85C0589-BD44-36B5-A6B0-EAAB915CF673} = {C85C0589-BD44-36B5-A6B0-EAAB915CF673}
		{BDC95B82-C5F5-354B-925C-6CBDD0FB5903} = {BDC95B82-C5F5-354B-925C-6CBDD0FB5903}
		{BAF68684-F6E9-3169-B5DF-16C75B2E5EAE} = {BAF68684-F6E9-3169-B5DF-16C75B2E5EAE}
		{F533A466-4E03-32AA-9E0E-995F05D6C773} = {F533A466-4E03-32AA-9E0E-995F05D6C773}
		{0FBDF94A-CBCC-391B-AC96-CDA6F28FE2FD} = {0FBDF94A-CBCC-391B-AC96-CDA6F28FE2FD}
		{E414D207-030F-384D-908E-E72A355ABBAF} = {E414D207-030F-384D-908E-E72A355ABBAF}
		{914E849C-590A-3188-BAF4-344EBA84E98B} = {914E849C-590A-3188-BAF4-344EBA84E98B}
		{AF77320F-9880-3720-9282-632F80D2781E} = {AF77320F-9880-3720-9282-632F80D2781E}
		{C58777B4-C8EA-38A1-BF63-2949E132B3B4} = {C58777B4-C8EA-38A1-BF63-2949E132B3B4}
	EndProjectSection
EndProject
Project("{8BC9CEB8-8B4A-11D0-8D11-00A0C91BC942}") = "SnippetImmediateMode", "sdk_snippets_bin\SnippetImmediateMode.vcxproj", "{3CD6E2E0-AB37-3132-8068-23D458401D95}"
	ProjectSection(ProjectDependencies) = postProject
		{7631EDC1-7236-34E8-B956-8B4D7D6710A8} = {7631EDC1-7236-34E8-B956-8B4D7D6710A8}
		{97F4C49B-D6B3-3BDC-9546-F0966261A4E9} = {97F4C49B-D6B3-3BDC-9546-F0966261A4E9}
		{C85C0589-BD44-36B5-A6B0-EAAB915CF673} = {C85C0589-BD44-36B5-A6B0-EAAB915CF673}
		{BDC95B82-C5F5-354B-925C-6CBDD0FB5903} = {BDC95B82-C5F5-354B-925C-6CBDD0FB5903}
		{BAF68684-F6E9-3169-B5DF-16C75B2E5EAE} = {BAF68684-F6E9-3169-B5DF-16C75B2E5EAE}
		{F533A466-4E03-32AA-9E0E-995F05D6C773} = {F533A466-4E03-32AA-9E0E-995F05D6C773}
		{0FBDF94A-CBCC-391B-AC96-CDA6F28FE2FD} = {0FBDF94A-CBCC-391B-AC96-CDA6F28FE2FD}
		{E414D207-030F-384D-908E-E72A355ABBAF} = {E414D207-030F-384D-908E-E72A355ABBAF}
		{914E849C-590A-3188-BAF4-344EBA84E98B} = {914E849C-590A-3188-BAF4-344EBA84E98B}
		{AF77320F-9880-3720-9282-632F80D2781E} = {AF77320F-9880-3720-9282-632F80D2781E}
		{C58777B4-C8EA-38A1-BF63-2949E132B3B4} = {C58777B4-C8EA-38A1-BF63-2949E132B3B4}
	EndProjectSection
EndProject
Project("{8BC9CEB8-8B4A-11D0-8D11-00A0C91BC942}") = "SnippetJoint", "sdk_snippets_bin\SnippetJoint.vcxproj", "{629D9A47-9BAD-3679-9A94-659D2E6B1925}"
	ProjectSection(ProjectDependencies) = postProject
		{7631EDC1-7236-34E8-B956-8B4D7D6710A8} = {7631EDC1-7236-34E8-B956-8B4D7D6710A8}
		{97F4C49B-D6B3-3BDC-9546-F0966261A4E9} = {97F4C49B-D6B3-3BDC-9546-F0966261A4E9}
		{C85C0589-BD44-36B5-A6B0-EAAB915CF673} = {C85C0589-BD44-36B5-A6B0-EAAB915CF673}
		{BDC95B82-C5F5-354B-925C-6CBDD0FB5903} = {BDC95B82-C5F5-354B-925C-6CBDD0FB5903}
		{BAF68684-F6E9-3169-B5DF-16C75B2E5EAE} = {BAF68684-F6E9-3169-B5DF-16C75B2E5EAE}
		{F533A466-4E03-32AA-9E0E-995F05D6C773} = {F533A466-4E03-32AA-9E0E-995F05D6C773}
		{0FBDF94A-CBCC-391B-AC96-CDA6F28FE2FD} = {0FBDF94A-CBCC-391B-AC96-CDA6F28FE2FD}
		{E414D207-030F-384D-908E-E72A355ABBAF} = {E414D207-030F-384D-908E-E72A355ABBAF}
		{914E849C-590A-3188-BAF4-344EBA84E98B} = {914E849C-590A-3188-BAF4-344EBA84E98B}
		{AF77320F-9880-3720-9282-632F80D2781E} = {AF77320F-9880-3720-9282-632F80D2781E}
		{C58777B4-C8EA-38A1-BF63-2949E132B3B4} = {C58777B4-C8EA-38A1-BF63-2949E132B3B4}
	EndProjectSection
EndProject
Project("{8BC9CEB8-8B4A-11D0-8D11-00A0C91BC942}") = "SnippetLoadCollection", "sdk_snippets_bin\SnippetLoadCollection.vcxproj", "{BE59F538-E7FA-30E2-97CD-D804B67362B2}"
	ProjectSection(ProjectDependencies) = postProject
		{7631EDC1-7236-34E8-B956-8B4D7D6710A8} = {7631EDC1-7236-34E8-B956-8B4D7D6710A8}
		{97F4C49B-D6B3-3BDC-9546-F0966261A4E9} = {97F4C49B-D6B3-3BDC-9546-F0966261A4E9}
		{C85C0589-BD44-36B5-A6B0-EAAB915CF673} = {C85C0589-BD44-36B5-A6B0-EAAB915CF673}
		{BDC95B82-C5F5-354B-925C-6CBDD0FB5903} = {BDC95B82-C5F5-354B-925C-6CBDD0FB5903}
		{BAF68684-F6E9-3169-B5DF-16C75B2E5EAE} = {BAF68684-F6E9-3169-B5DF-16C75B2E5EAE}
		{F533A466-4E03-32AA-9E0E-995F05D6C773} = {F533A466-4E03-32AA-9E0E-995F05D6C773}
		{0FBDF94A-CBCC-391B-AC96-CDA6F28FE2FD} = {0FBDF94A-CBCC-391B-AC96-CDA6F28FE2FD}
		{E414D207-030F-384D-908E-E72A355ABBAF} = {E414D207-030F-384D-908E-E72A355ABBAF}
		{914E849C-590A-3188-BAF4-344EBA84E98B} = {914E849C-590A-3188-BAF4-344EBA84E98B}
		{AF77320F-9880-3720-9282-632F80D2781E} = {AF77320F-9880-3720-9282-632F80D2781E}
		{C58777B4-C8EA-38A1-BF63-2949E132B3B4} = {C58777B4-C8EA-38A1-BF63-2949E132B3B4}
	EndProjectSection
EndProject
Project("{8BC9CEB8-8B4A-11D0-8D11-00A0C91BC942}") = "SnippetMBP", "sdk_snippets_bin\SnippetMBP.vcxproj", "{E3546A61-393D-3523-A421-BC59EA06D592}"
	ProjectSection(ProjectDependencies) = postProject
		{7631EDC1-7236-34E8-B956-8B4D7D6710A8} = {7631EDC1-7236-34E8-B956-8B4D7D6710A8}
		{97F4C49B-D6B3-3BDC-9546-F0966261A4E9} = {97F4C49B-D6B3-3BDC-9546-F0966261A4E9}
		{C85C0589-BD44-36B5-A6B0-EAAB915CF673} = {C85C0589-BD44-36B5-A6B0-EAAB915CF673}
		{BDC95B82-C5F5-354B-925C-6CBDD0FB5903} = {BDC95B82-C5F5-354B-925C-6CBDD0FB5903}
		{BAF68684-F6E9-3169-B5DF-16C75B2E5EAE} = {BAF68684-F6E9-3169-B5DF-16C75B2E5EAE}
		{F533A466-4E03-32AA-9E0E-995F05D6C773} = {F533A466-4E03-32AA-9E0E-995F05D6C773}
		{0FBDF94A-CBCC-391B-AC96-CDA6F28FE2FD} = {0FBDF94A-CBCC-391B-AC96-CDA6F28FE2FD}
		{E414D207-030F-384D-908E-E72A355ABBAF} = {E414D207-030F-384D-908E-E72A355ABBAF}
		{914E849C-590A-3188-BAF4-344EBA84E98B} = {914E849C-590A-3188-BAF4-344EBA84E98B}
		{AF77320F-9880-3720-9282-632F80D2781E} = {AF77320F-9880-3720-9282-632F80D2781E}
		{C58777B4-C8EA-38A1-BF63-2949E132B3B4} = {C58777B4-C8EA-38A1-BF63-2949E132B3B4}
	EndProjectSection
EndProject
Project("{8BC9CEB8-8B4A-11D0-8D11-00A0C91BC942}") = "SnippetMultiThreading", "sdk_snippets_bin\SnippetMultiThreading.vcxproj", "{C4350D3C-47FC-38AE-BCF5-6AF2B5ABD5B1}"
	ProjectSection(ProjectDependencies) = postProject
		{7631EDC1-7236-34E8-B956-8B4D7D6710A8} = {7631EDC1-7236-34E8-B956-8B4D7D6710A8}
		{97F4C49B-D6B3-3BDC-9546-F0966261A4E9} = {97F4C49B-D6B3-3BDC-9546-F0966261A4E9}
		{C85C0589-BD44-36B5-A6B0-EAAB915CF673} = {C85C0589-BD44-36B5-A6B0-EAAB915CF673}
		{BDC95B82-C5F5-354B-925C-6CBDD0FB5903} = {BDC95B82-C5F5-354B-925C-6CBDD0FB5903}
		{BAF68684-F6E9-3169-B5DF-16C75B2E5EAE} = {BAF68684-F6E9-3169-B5DF-16C75B2E5EAE}
		{F533A466-4E03-32AA-9E0E-995F05D6C773} = {F533A466-4E03-32AA-9E0E-995F05D6C773}
		{0FBDF94A-CBCC-391B-AC96-CDA6F28FE2FD} = {0FBDF94A-CBCC-391B-AC96-CDA6F28FE2FD}
		{E414D207-030F-384D-908E-E72A355ABBAF} = {E414D207-030F-384D-908E-E72A355ABBAF}
		{914E849C-590A-3188-BAF4-344EBA84E98B} = {914E849C-590A-3188-BAF4-344EBA84E98B}
		{AF77320F-9880-3720-9282-632F80D2781E} = {AF77320F-9880-3720-9282-632F80D2781E}
		{C58777B4-C8EA-38A1-BF63-2949E132B3B4} = {C58777B4-C8EA-38A1-BF63-2949E132B3B4}
	EndProjectSection
EndProject
Project("{8BC9CEB8-8B4A-11D0-8D11-00A0C91BC942}") = "SnippetNestedScene", "sdk_snippets_bin\SnippetNestedScene.vcxproj", "{ED3695A9-CE2E-3ACE-9FCE-8D053D11BC0A}"
	ProjectSection(ProjectDependencies) = postProject
		{7631EDC1-7236-34E8-B956-8B4D7D6710A8} = {7631EDC1-7236-34E8-B956-8B4D7D6710A8}
		{97F4C49B-D6B3-3BDC-9546-F0966261A4E9} = {97F4C49B-D6B3-3BDC-9546-F0966261A4E9}
		{C85C0589-BD44-36B5-A6B0-EAAB915CF673} = {C85C0589-BD44-36B5-A6B0-EAAB915CF673}
		{BDC95B82-C5F5-354B-925C-6CBDD0FB5903} = {BDC95B82-C5F5-354B-925C-6CBDD0FB5903}
		{BAF68684-F6E9-3169-B5DF-16C75B2E5EAE} = {BAF68684-F6E9-3169-B5DF-16C75B2E5EAE}
		{F533A466-4E03-32AA-9E0E-995F05D6C773} = {F533A466-4E03-32AA-9E0E-995F05D6C773}
		{0FBDF94A-CBCC-391B-AC96-CDA6F28FE2FD} = {0FBDF94A-CBCC-391B-AC96-CDA6F28FE2FD}
		{891D1BAB-03C7-3F41-96BF-6B68F9A1F068} = {891D1BAB-03C7-3F41-96BF-6B68F9A1F068}
		{E414D207-030F-384D-908E-E72A355ABBAF} = {E414D207-030F-384D-908E-E72A355ABBAF}
		{914E849C-590A-3188-BAF4-344EBA84E98B} = {914E849C-590A-3188-BAF4-344EBA84E98B}
		{AF77320F-9880-3720-9282-632F80D2781E} = {AF77320F-9880-3720-9282-632F80D2781E}
		{C58777B4-C8EA-38A1-BF63-2949E132B3B4} = {C58777B4-C8EA-38A1-BF63-2949E132B3B4}
	EndProjectSection
EndProject
Project("{8BC9CEB8-8B4A-11D0-8D11-00A0C91BC942}") = "SnippetPrunerSerialization", "sdk_snippets_bin\SnippetPrunerSerialization.vcxproj", "{FA25BEA0-30CF-3C57-9860-83B57508DBA2}"
	ProjectSection(ProjectDependencies) = postProject
		{7631EDC1-7236-34E8-B956-8B4D7D6710A8} = {7631EDC1-7236-34E8-B956-8B4D7D6710A8}
		{97F4C49B-D6B3-3BDC-9546-F0966261A4E9} = {97F4C49B-D6B3-3BDC-9546-F0966261A4E9}
		{C85C0589-BD44-36B5-A6B0-EAAB915CF673} = {C85C0589-BD44-36B5-A6B0-EAAB915CF673}
		{BDC95B82-C5F5-354B-925C-6CBDD0FB5903} = {BDC95B82-C5F5-354B-925C-6CBDD0FB5903}
		{BAF68684-F6E9-3169-B5DF-16C75B2E5EAE} = {BAF68684-F6E9-3169-B5DF-16C75B2E5EAE}
		{F533A466-4E03-32AA-9E0E-995F05D6C773} = {F533A466-4E03-32AA-9E0E-995F05D6C773}
		{0FBDF94A-CBCC-391B-AC96-CDA6F28FE2FD} = {0FBDF94A-CBCC-391B-AC96-CDA6F28FE2FD}
		{E414D207-030F-384D-908E-E72A355ABBAF} = {E414D207-030F-384D-908E-E72A355ABBAF}
		{914E849C-590A-3188-BAF4-344EBA84E98B} = {914E849C-590A-3188-BAF4-344EBA84E98B}
		{AF77320F-9880-3720-9282-632F80D2781E} = {AF77320F-9880-3720-9282-632F80D2781E}
		{C58777B4-C8EA-38A1-BF63-2949E132B3B4} = {C58777B4-C8EA-38A1-BF63-2949E132B3B4}
	EndProjectSection
EndProject
Project("{8BC9CEB8-8B4A-11D0-8D11-00A0C91BC942}") = "SnippetRaycastCCD", "sdk_snippets_bin\SnippetRaycastCCD.vcxproj", "{6347E49F-3DED-3501-B1AE-7FE5AAEFDAC7}"
	ProjectSection(ProjectDependencies) = postProject
		{7631EDC1-7236-34E8-B956-8B4D7D6710A8} = {7631EDC1-7236-34E8-B956-8B4D7D6710A8}
		{97F4C49B-D6B3-3BDC-9546-F0966261A4E9} = {97F4C49B-D6B3-3BDC-9546-F0966261A4E9}
		{C85C0589-BD44-36B5-A6B0-EAAB915CF673} = {C85C0589-BD44-36B5-A6B0-EAAB915CF673}
		{BDC95B82-C5F5-354B-925C-6CBDD0FB5903} = {BDC95B82-C5F5-354B-925C-6CBDD0FB5903}
		{BAF68684-F6E9-3169-B5DF-16C75B2E5EAE} = {BAF68684-F6E9-3169-B5DF-16C75B2E5EAE}
		{F533A466-4E03-32AA-9E0E-995F05D6C773} = {F533A466-4E03-32AA-9E0E-995F05D6C773}
		{0FBDF94A-CBCC-391B-AC96-CDA6F28FE2FD} = {0FBDF94A-CBCC-391B-AC96-CDA6F28FE2FD}
		{E414D207-030F-384D-908E-E72A355ABBAF} = {E414D207-030F-384D-908E-E72A355ABBAF}
		{914E849C-590A-3188-BAF4-344EBA84E98B} = {914E849C-590A-3188-BAF4-344EBA84E98B}
		{AF77320F-9880-3720-9282-632F80D2781E} = {AF77320F-9880-3720-9282-632F80D2781E}
		{C58777B4-C8EA-38A1-BF63-2949E132B3B4} = {C58777B4-C8EA-38A1-BF63-2949E132B3B4}
	EndProjectSection
EndProject
Project("{8BC9CEB8-8B4A-11D0-8D11-00A0C91BC942}") = "SnippetRender", "sdk_snippets_bin\SnippetRender.vcxproj", "{914E849C-590A-3188-BAF4-344EBA84E98B}"
	ProjectSection(ProjectDependencies) = postProject
		{F533A466-4E03-32AA-9E0E-995F05D6C773} = {F533A466-4E03-32AA-9E0E-995F05D6C773}
		{C58777B4-C8EA-38A1-BF63-2949E132B3B4} = {C58777B4-C8EA-38A1-BF63-2949E132B3B4}
	EndProjectSection
EndProject
Project("{8BC9CEB8-8B4A-11D0-8D11-00A0C91BC942}") = "SnippetSerialization", "sdk_snippets_bin\SnippetSerialization.vcxproj", "{DDF59903-290E-3B3A-8D4A-ADA512AB8121}"
	ProjectSection(ProjectDependencies) = postProject
		{7631EDC1-7236-34E8-B956-8B4D7D6710A8} = {7631EDC1-7236-34E8-B956-8B4D7D6710A8}
		{97F4C49B-D6B3-3BDC-9546-F0966261A4E9} = {97F4C49B-D6B3-3BDC-9546-F0966261A4E9}
		{C85C0589-BD44-36B5-A6B0-EAAB915CF673} = {C85C0589-BD44-36B5-A6B0-EAAB915CF673}
		{BDC95B82-C5F5-354B-925C-6CBDD0FB5903} = {BDC95B82-C5F5-354B-925C-6CBDD0FB5903}
		{BAF68684-F6E9-3169-B5DF-16C75B2E5EAE} = {BAF68684-F6E9-3169-B5DF-16C75B2E5EAE}
		{F533A466-4E03-32AA-9E0E-995F05D6C773} = {F533A466-4E03-32AA-9E0E-995F05D6C773}
		{0FBDF94A-CBCC-391B-AC96-CDA6F28FE2FD} = {0FBDF94A-CBCC-391B-AC96-CDA6F28FE2FD}
		{E414D207-030F-384D-908E-E72A355ABBAF} = {E414D207-030F-384D-908E-E72A355ABBAF}
		{914E849C-590A-3188-BAF4-344EBA84E98B} = {914E849C-590A-3188-BAF4-344EBA84E98B}
		{AF77320F-9880-3720-9282-632F80D2781E} = {AF77320F-9880-3720-9282-632F80D2781E}
		{C58777B4-C8EA-38A1-BF63-2949E132B3B4} = {C58777B4-C8EA-38A1-BF63-2949E132B3B4}
	EndProjectSection
EndProject
Project("{8BC9CEB8-8B4A-11D0-8D11-00A0C91BC942}") = "SnippetSplitFetchResults", "sdk_snippets_bin\SnippetSplitFetchResults.vcxproj", "{DB7FFA01-92E8-3B66-8FC8-175CA93EC373}"
	ProjectSection(ProjectDependencies) = postProject
		{7631EDC1-7236-34E8-B956-8B4D7D6710A8} = {7631EDC1-7236-34E8-B956-8B4D7D6710A8}
		{97F4C49B-D6B3-3BDC-9546-F0966261A4E9} = {97F4C49B-D6B3-3BDC-9546-F0966261A4E9}
		{C85C0589-BD44-36B5-A6B0-EAAB915CF673} = {C85C0589-BD44-36B5-A6B0-EAAB915CF673}
		{BDC95B82-C5F5-354B-925C-6CBDD0FB5903} = {BDC95B82-C5F5-354B-925C-6CBDD0FB5903}
		{BAF68684-F6E9-3169-B5DF-16C75B2E5EAE} = {BAF68684-F6E9-3169-B5DF-16C75B2E5EAE}
		{F533A466-4E03-32AA-9E0E-995F05D6C773} = {F533A466-4E03-32AA-9E0E-995F05D6C773}
		{0FBDF94A-CBCC-391B-AC96-CDA6F28FE2FD} = {0FBDF94A-CBCC-391B-AC96-CDA6F28FE2FD}
		{E414D207-030F-384D-908E-E72A355ABBAF} = {E414D207-030F-384D-908E-E72A355ABBAF}
		{914E849C-590A-3188-BAF4-344EBA84E98B} = {914E849C-590A-3188-BAF4-344EBA84E98B}
		{AF77320F-9880-3720-9282-632F80D2781E} = {AF77320F-9880-3720-9282-632F80D2781E}
		{C58777B4-C8EA-38A1-BF63-2949E132B3B4} = {C58777B4-C8EA-38A1-BF63-2949E132B3B4}
	EndProjectSection
EndProject
Project("{8BC9CEB8-8B4A-11D0-8D11-00A0C91BC942}") = "SnippetSplitSim", "sdk_snippets_bin\SnippetSplitSim.vcxproj", "{05A7FEB2-C50A-3B85-A6C2-3F1139E5F242}"
	ProjectSection(ProjectDependencies) = postProject
		{7631EDC1-7236-34E8-B956-8B4D7D6710A8} = {7631EDC1-7236-34E8-B956-8B4D7D6710A8}
		{97F4C49B-D6B3-3BDC-9546-F0966261A4E9} = {97F4C49B-D6B3-3BDC-9546-F0966261A4E9}
		{C85C0589-BD44-36B5-A6B0-EAAB915CF673} = {C85C0589-BD44-36B5-A6B0-EAAB915CF673}
		{BDC95B82-C5F5-354B-925C-6CBDD0FB5903} = {BDC95B82-C5F5-354B-925C-6CBDD0FB5903}
		{BAF68684-F6E9-3169-B5DF-16C75B2E5EAE} = {BAF68684-F6E9-3169-B5DF-16C75B2E5EAE}
		{F533A466-4E03-32AA-9E0E-995F05D6C773} = {F533A466-4E03-32AA-9E0E-995F05D6C773}
		{0FBDF94A-CBCC-391B-AC96-CDA6F28FE2FD} = {0FBDF94A-CBCC-391B-AC96-CDA6F28FE2FD}
		{E414D207-030F-384D-908E-E72A355ABBAF} = {E414D207-030F-384D-908E-E72A355ABBAF}
		{914E849C-590A-3188-BAF4-344EBA84E98B} = {914E849C-590A-3188-BAF4-344EBA84E98B}
		{AF77320F-9880-3720-9282-632F80D2781E} = {AF77320F-9880-3720-9282-632F80D2781E}
		{C58777B4-C8EA-38A1-BF63-2949E132B3B4} = {C58777B4-C8EA-38A1-BF63-2949E132B3B4}
	EndProjectSection
EndProject
Project("{8BC9CEB8-8B4A-11D0-8D11-00A0C91BC942}") = "SnippetStepper", "sdk_snippets_bin\SnippetStepper.vcxproj", "{11204DAC-8404-3394-92AC-2D90FE6B8919}"
	ProjectSection(ProjectDependencies) = postProject
		{7631EDC1-7236-34E8-B956-8B4D7D6710A8} = {7631EDC1-7236-34E8-B956-8B4D7D6710A8}
		{97F4C49B-D6B3-3BDC-9546-F0966261A4E9} = {97F4C49B-D6B3-3BDC-9546-F0966261A4E9}
		{C85C0589-BD44-36B5-A6B0-EAAB915CF673} = {C85C0589-BD44-36B5-A6B0-EAAB915CF673}
		{BDC95B82-C5F5-354B-925C-6CBDD0FB5903} = {BDC95B82-C5F5-354B-925C-6CBDD0FB5903}
		{BAF68684-F6E9-3169-B5DF-16C75B2E5EAE} = {BAF68684-F6E9-3169-B5DF-16C75B2E5EAE}
		{F533A466-4E03-32AA-9E0E-995F05D6C773} = {F533A466-4E03-32AA-9E0E-995F05D6C773}
		{0FBDF94A-CBCC-391B-AC96-CDA6F28FE2FD} = {0FBDF94A-CBCC-391B-AC96-CDA6F28FE2FD}
		{E414D207-030F-384D-908E-E72A355ABBAF} = {E414D207-030F-384D-908E-E72A355ABBAF}
		{914E849C-590A-3188-BAF4-344EBA84E98B} = {914E849C-590A-3188-BAF4-344EBA84E98B}
		{AF77320F-9880-3720-9282-632F80D2781E} = {AF77320F-9880-3720-9282-632F80D2781E}
		{C58777B4-C8EA-38A1-BF63-2949E132B3B4} = {C58777B4-C8EA-38A1-BF63-2949E132B3B4}
	EndProjectSection
EndProject
Project("{8BC9CEB8-8B4A-11D0-8D11-00A0C91BC942}") = "SnippetToleranceScale", "sdk_snippets_bin\SnippetToleranceScale.vcxproj", "{5C5EF188-56B4-314B-A2E0-25762231FD0C}"
	ProjectSection(ProjectDependencies) = postProject
		{7631EDC1-7236-34E8-B956-8B4D7D6710A8} = {7631EDC1-7236-34E8-B956-8B4D7D6710A8}
		{97F4C49B-D6B3-3BDC-9546-F0966261A4E9} = {97F4C49B-D6B3-3BDC-9546-F0966261A4E9}
		{C85C0589-BD44-36B5-A6B0-EAAB915CF673} = {C85C0589-BD44-36B5-A6B0-EAAB915CF673}
		{BDC95B82-C5F5-354B-925C-6CBDD0FB5903} = {BDC95B82-C5F5-354B-925C-6CBDD0FB5903}
		{BAF68684-F6E9-3169-B5DF-16C75B2E5EAE} = {BAF68684-F6E9-3169-B5DF-16C75B2E5EAE}
		{F533A466-4E03-32AA-9E0E-995F05D6C773} = {F533A466-4E03-32AA-9E0E-995F05D6C773}
		{0FBDF94A-CBCC-391B-AC96-CDA6F28FE2FD} = {0FBDF94A-CBCC-391B-AC96-CDA6F28FE2FD}
		{E414D207-030F-384D-908E-E72A355ABBAF} = {E414D207-030F-384D-908E-E72A355ABBAF}
		{914E849C-590A-3188-BAF4-344EBA84E98B} = {914E849C-590A-3188-BAF4-344EBA84E98B}
		{AF77320F-9880-3720-9282-632F80D2781E} = {AF77320F-9880-3720-9282-632F80D2781E}
		{C58777B4-C8EA-38A1-BF63-2949E132B3B4} = {C58777B4-C8EA-38A1-BF63-2949E132B3B4}
	EndProjectSection
EndProject
Project("{8BC9CEB8-8B4A-11D0-8D11-00A0C91BC942}") = "SnippetTriangleMeshCreate", "sdk_snippets_bin\SnippetTriangleMeshCreate.vcxproj", "{05EF5E9E-410E-3B31-90C1-BDB605189B1F}"
	ProjectSection(ProjectDependencies) = postProject
		{7631EDC1-7236-34E8-B956-8B4D7D6710A8} = {7631EDC1-7236-34E8-B956-8B4D7D6710A8}
		{97F4C49B-D6B3-3BDC-9546-F0966261A4E9} = {97F4C49B-D6B3-3BDC-9546-F0966261A4E9}
		{C85C0589-BD44-36B5-A6B0-EAAB915CF673} = {C85C0589-BD44-36B5-A6B0-EAAB915CF673}
		{BDC95B82-C5F5-354B-925C-6CBDD0FB5903} = {BDC95B82-C5F5-354B-925C-6CBDD0FB5903}
		{BAF68684-F6E9-3169-B5DF-16C75B2E5EAE} = {BAF68684-F6E9-3169-B5DF-16C75B2E5EAE}
		{F533A466-4E03-32AA-9E0E-995F05D6C773} = {F533A466-4E03-32AA-9E0E-995F05D6C773}
		{0FBDF94A-CBCC-391B-AC96-CDA6F28FE2FD} = {0FBDF94A-CBCC-391B-AC96-CDA6F28FE2FD}
		{E414D207-030F-384D-908E-E72A355ABBAF} = {E414D207-030F-384D-908E-E72A355ABBAF}
		{914E849C-590A-3188-BAF4-344EBA84E98B} = {914E849C-590A-3188-BAF4-344EBA84E98B}
		{AF77320F-9880-3720-9282-632F80D2781E} = {AF77320F-9880-3720-9282-632F80D2781E}
		{C58777B4-C8EA-38A1-BF63-2949E132B3B4} = {C58777B4-C8EA-38A1-BF63-2949E132B3B4}
	EndProjectSection
EndProject
Project("{8BC9CEB8-8B4A-11D0-8D11-00A0C91BC942}") = "SnippetUtils", "sdk_snippets_bin\SnippetUtils.vcxproj", "{AF77320F-9880-3720-9282-632F80D2781E}"
	ProjectSection(ProjectDependencies) = postProject
		{F533A466-4E03-32AA-9E0E-995F05D6C773} = {F533A466-4E03-32AA-9E0E-995F05D6C773}
		{C58777B4-C8EA-38A1-BF63-2949E132B3B4} = {C58777B4-C8EA-38A1-BF63-2949E132B3B4}
	EndProjectSection
EndProject
Project("{8BC9CEB8-8B4A-11D0-8D11-00A0C91BC942}") = "SnippetVehicle4W", "sdk_snippets_bin\SnippetVehicle4W.vcxproj", "{254BF2B7-3628-31DA-B32E-7059C7BC9E9A}"
	ProjectSection(ProjectDependencies) = postProject
		{7631EDC1-7236-34E8-B956-8B4D7D6710A8} = {7631EDC1-7236-34E8-B956-8B4D7D6710A8}
		{97F4C49B-D6B3-3BDC-9546-F0966261A4E9} = {97F4C49B-D6B3-3BDC-9546-F0966261A4E9}
		{C85C0589-BD44-36B5-A6B0-EAAB915CF673} = {C85C0589-BD44-36B5-A6B0-EAAB915CF673}
		{BDC95B82-C5F5-354B-925C-6CBDD0FB5903} = {BDC95B82-C5F5-354B-925C-6CBDD0FB5903}
		{BAF68684-F6E9-3169-B5DF-16C75B2E5EAE} = {BAF68684-F6E9-3169-B5DF-16C75B2E5EAE}
		{F533A466-4E03-32AA-9E0E-995F05D6C773} = {F533A466-4E03-32AA-9E0E-995F05D6C773}
		{0FBDF94A-CBCC-391B-AC96-CDA6F28FE2FD} = {0FBDF94A-CBCC-391B-AC96-CDA6F28FE2FD}
		{891D1BAB-03C7-3F41-96BF-6B68F9A1F068} = {891D1BAB-03C7-3F41-96BF-6B68F9A1F068}
		{E414D207-030F-384D-908E-E72A355ABBAF} = {E414D207-030F-384D-908E-E72A355ABBAF}
		{914E849C-590A-3188-BAF4-344EBA84E98B} = {914E849C-590A-3188-BAF4-344EBA84E98B}
		{AF77320F-9880-3720-9282-632F80D2781E} = {AF77320F-9880-3720-9282-632F80D2781E}
		{C58777B4-C8EA-38A1-BF63-2949E132B3B4} = {C58777B4-C8EA-38A1-BF63-2949E132B3B4}
	EndProjectSection
EndProject
Project("{8BC9CEB8-8B4A-11D0-8D11-00A0C91BC942}") = "SnippetVehicleContactMod", "sdk_snippets_bin\SnippetVehicleContactMod.vcxproj", "{082D1889-059B-3A02-9730-7E1CB750BEAE}"
	ProjectSection(ProjectDependencies) = postProject
		{7631EDC1-7236-34E8-B956-8B4D7D6710A8} = {7631EDC1-7236-34E8-B956-8B4D7D6710A8}
		{97F4C49B-D6B3-3BDC-9546-F0966261A4E9} = {97F4C49B-D6B3-3BDC-9546-F0966261A4E9}
		{C85C0589-BD44-36B5-A6B0-EAAB915CF673} = {C85C0589-BD44-36B5-A6B0-EAAB915CF673}
		{BDC95B82-C5F5-354B-925C-6CBDD0FB5903} = {BDC95B82-C5F5-354B-925C-6CBDD0FB5903}
		{BAF68684-F6E9-3169-B5DF-16C75B2E5EAE} = {BAF68684-F6E9-3169-B5DF-16C75B2E5EAE}
		{F533A466-4E03-32AA-9E0E-995F05D6C773} = {F533A466-4E03-32AA-9E0E-995F05D6C773}
		{0FBDF94A-CBCC-391B-AC96-CDA6F28FE2FD} = {0FBDF94A-CBCC-391B-AC96-CDA6F28FE2FD}
		{891D1BAB-03C7-3F41-96BF-6B68F9A1F068} = {891D1BAB-03C7-3F41-96BF-6B68F9A1F068}
		{E414D207-030F-384D-908E-E72A355ABBAF} = {E414D207-030F-384D-908E-E72A355ABBAF}
		{914E849C-590A-3188-BAF4-344EBA84E98B} = {914E849C-590A-3188-BAF4-344EBA84E98B}
		{AF77320F-9880-3720-9282-632F80D2781E} = {AF77320F-9880-3720-9282-632F80D2781E}
		{C58777B4-C8EA-38A1-BF63-2949E132B3B4} = {C58777B4-C8EA-38A1-BF63-2949E132B3B4}
	EndProjectSection
EndProject
Project("{8BC9CEB8-8B4A-11D0-8D11-00A0C91BC942}") = "SnippetVehicleMultiThreading", "sdk_snippets_bin\SnippetVehicleMultiThreading.vcxproj", "{F5F9A0C0-91E1-313D-8713-E09C75CD9674}"
	ProjectSection(ProjectDependencies) = postProject
		{7631EDC1-7236-34E8-B956-8B4D7D6710A8} = {7631EDC1-7236-34E8-B956-8B4D7D6710A8}
		{97F4C49B-D6B3-3BDC-9546-F0966261A4E9} = {97F4C49B-D6B3-3BDC-9546-F0966261A4E9}
		{C85C0589-BD44-36B5-A6B0-EAAB915CF673} = {C85C0589-BD44-36B5-A6B0-EAAB915CF673}
		{BDC95B82-C5F5-354B-925C-6CBDD0FB5903} = {BDC95B82-C5F5-354B-925C-6CBDD0FB5903}
		{BAF68684-F6E9-3169-B5DF-16C75B2E5EAE} = {BAF68684-F6E9-3169-B5DF-16C75B2E5EAE}
		{F533A466-4E03-32AA-9E0E-995F05D6C773} = {F533A466-4E03-32AA-9E0E-995F05D6C773}
		{0FBDF94A-CBCC-391B-AC96-CDA6F28FE2FD} = {0FBDF94A-CBCC-391B-AC96-CDA6F28FE2FD}
		{891D1BAB-03C7-3F41-96BF-6B68F9A1F068} = {891D1BAB-03C7-3F41-96BF-6B68F9A1F068}
		{E414D207-030F-384D-908E-E72A355ABBAF} = {E414D207-030F-384D-908E-E72A355ABBAF}
		{914E849C-590A-3188-BAF4-344EBA84E98B} = {914E849C-590A-3188-BAF4-344EBA84E98B}
		{AF77320F-9880-3720-9282-632F80D2781E} = {AF77320F-9880-3720-9282-632F80D2781E}
		{C58777B4-C8EA-38A1-BF63-2949E132B3B4} = {C58777B4-C8EA-38A1-BF63-2949E132B3B4}
	EndProjectSection
EndProject
Project("{8BC9CEB8-8B4A-11D0-8D11-00A0C91BC942}") = "SnippetVehicleNoDrive", "sdk_snippets_bin\SnippetVehicleNoDrive.vcxproj", "{FB9D99A4-337F-3F06-80AB-BFA65263B504}"
	ProjectSection(ProjectDependencies) = postProject
		{7631EDC1-7236-34E8-B956-8B4D7D6710A8} = {7631EDC1-7236-34E8-B956-8B4D7D6710A8}
		{97F4C49B-D6B3-3BDC-9546-F0966261A4E9} = {97F4C49B-D6B3-3BDC-9546-F0966261A4E9}
		{C85C0589-BD44-36B5-A6B0-EAAB915CF673} = {C85C0589-BD44-36B5-A6B0-EAAB915CF673}
		{BDC95B82-C5F5-354B-925C-6CBDD0FB5903} = {BDC95B82-C5F5-354B-925C-6CBDD0FB5903}
		{BAF68684-F6E9-3169-B5DF-16C75B2E5EAE} = {BAF68684-F6E9-3169-B5DF-16C75B2E5EAE}
		{F533A466-4E03-32AA-9E0E-995F05D6C773} = {F533A466-4E03-32AA-9E0E-995F05D6C773}
		{0FBDF94A-CBCC-391B-AC96-CDA6F28FE2FD} = {0FBDF94A-CBCC-391B-AC96-CDA6F28FE2FD}
		{891D1BAB-03C7-3F41-96BF-6B68F9A1F068} = {891D1BAB-03C7-3F41-96BF-6B68F9A1F068}
		{E414D207-030F-384D-908E-E72A355ABBAF} = {E414D207-030F-384D-908E-E72A355ABBAF}
		{914E849C-590A-3188-BAF4-344EBA84E98B} = {914E849C-590A-3188-BAF4-344EBA84E98B}
		{AF77320F-9880-3720-9282-632F80D2781E} = {AF77320F-9880-3720-9282-632F80D2781E}
		{C58777B4-C8EA-38A1-BF63-2949E132B3B4} = {C58777B4-C8EA-38A1-BF63-2949E132B3B4}
	EndProjectSection
EndProject
Project("{8BC9CEB8-8B4A-11D0-8D11-00A0C91BC942}") = "SnippetVehicleScale", "sdk_snippets_bin\SnippetVehicleScale.vcxproj", "{A414168B-8592-31DE-BB0A-2536266D78E6}"
	ProjectSection(ProjectDependencies) = postProject
		{7631EDC1-7236-34E8-B956-8B4D7D6710A8} = {7631EDC1-7236-34E8-B956-8B4D7D6710A8}
		{97F4C49B-D6B3-3BDC-9546-F0966261A4E9} = {97F4C49B-D6B3-3BDC-9546-F0966261A4E9}
		{C85C0589-BD44-36B5-A6B0-EAAB915CF673} = {C85C0589-BD44-36B5-A6B0-EAAB915CF673}
		{BDC95B82-C5F5-354B-925C-6CBDD0FB5903} = {BDC95B82-C5F5-354B-925C-6CBDD0FB5903}
		{BAF68684-F6E9-3169-B5DF-16C75B2E5EAE} = {BAF68684-F6E9-3169-B5DF-16C75B2E5EAE}
		{F533A466-4E03-32AA-9E0E-995F05D6C773} = {F533A466-4E03-32AA-9E0E-995F05D6C773}
		{0FBDF94A-CBCC-391B-AC96-CDA6F28FE2FD} = {0FBDF94A-CBCC-391B-AC96-CDA6F28FE2FD}
		{891D1BAB-03C7-3F41-96BF-6B68F9A1F068} = {891D1BAB-03C7-3F41-96BF-6B68F9A1F068}
		{E414D207-030F-384D-908E-E72A355ABBAF} = {E414D207-030F-384D-908E-E72A355ABBAF}
		{914E849C-590A-3188-BAF4-344EBA84E98B} = {914E849C-590A-3188-BAF4-344EBA84E98B}
		{AF77320F-9880-3720-9282-632F80D2781E} = {AF77320F-9880-3720-9282-632F80D2781E}
		{C58777B4-C8EA-38A1-BF63-2949E132B3B4} = {C58777B4-C8EA-38A1-BF63-2949E132B3B4}
	EndProjectSection
EndProject
Project("{8BC9CEB8-8B4A-11D0-8D11-00A0C91BC942}") = "SnippetVehicleTank", "sdk_snippets_bin\SnippetVehicleTank.vcxproj", "{2C6CB496-9C22-3BF1-8B20-6A7B6E9BEE51}"
	ProjectSection(ProjectDependencies) = postProject
		{7631EDC1-7236-34E8-B956-8B4D7D6710A8} = {7631EDC1-7236-34E8-B956-8B4D7D6710A8}
		{97F4C49B-D6B3-3BDC-9546-F0966261A4E9} = {97F4C49B-D6B3-3BDC-9546-F0966261A4E9}
		{C85C0589-BD44-36B5-A6B0-EAAB915CF673} = {C85C0589-BD44-36B5-A6B0-EAAB915CF673}
		{BDC95B82-C5F5-354B-925C-6CBDD0FB5903} = {BDC95B82-C5F5-354B-925C-6CBDD0FB5903}
		{BAF68684-F6E9-3169-B5DF-16C75B2E5EAE} = {BAF68684-F6E9-3169-B5DF-16C75B2E5EAE}
		{F533A466-4E03-32AA-9E0E-995F05D6C773} = {F533A466-4E03-32AA-9E0E-995F05D6C773}
		{0FBDF94A-CBCC-391B-AC96-CDA6F28FE2FD} = {0FBDF94A-CBCC-391B-AC96-CDA6F28FE2FD}
		{891D1BAB-03C7-3F41-96BF-6B68F9A1F068} = {891D1BAB-03C7-3F41-96BF-6B68F9A1F068}
		{E414D207-030F-384D-908E-E72A355ABBAF} = {E414D207-030F-384D-908E-E72A355ABBAF}
		{914E849C-590A-3188-BAF4-344EBA84E98B} = {914E849C-590A-3188-BAF4-344EBA84E98B}
		{AF77320F-9880-3720-9282-632F80D2781E} = {AF77320F-9880-3720-9282-632F80D2781E}
		{C58777B4-C8EA-38A1-BF63-2949E132B3B4} = {C58777B4-C8EA-38A1-BF63-2949E132B3B4}
	EndProjectSection
EndProject
Project("{8BC9CEB8-8B4A-11D0-8D11-00A0C91BC942}") = "ZERO_CHECK", "ZERO_CHECK.vcxproj", "{C58777B4-C8EA-38A1-BF63-2949E132B3B4}"
EndProject
Project("{8BC9CEB8-8B4A-11D0-8D11-00A0C91BC942}") = "PhysXDll", "PhysXDll\PhysXDll.vcxproj", "{2E087B0B-BA69-479D-9948-34D478E62229}"
EndProject
Global
	GlobalSection(SolutionConfigurationPlatforms) = preSolution
		checked|x64 = checked|x64
		debug|x64 = debug|x64
		profile|x64 = profile|x64
		release|x64 = release|x64
	EndGlobalSection
	GlobalSection(ProjectConfigurationPlatforms) = postSolution
		{4A7DA3C8-7AC9-3C34-B216-BD25E8688866}.checked|x64.ActiveCfg = checked|x64
		{4A7DA3C8-7AC9-3C34-B216-BD25E8688866}.checked|x64.Build.0 = checked|x64
		{4A7DA3C8-7AC9-3C34-B216-BD25E8688866}.debug|x64.ActiveCfg = debug|x64
		{4A7DA3C8-7AC9-3C34-B216-BD25E8688866}.debug|x64.Build.0 = debug|x64
		{4A7DA3C8-7AC9-3C34-B216-BD25E8688866}.profile|x64.ActiveCfg = profile|x64
		{4A7DA3C8-7AC9-3C34-B216-BD25E8688866}.profile|x64.Build.0 = profile|x64
		{4A7DA3C8-7AC9-3C34-B216-BD25E8688866}.release|x64.ActiveCfg = release|x64
		{4A7DA3C8-7AC9-3C34-B216-BD25E8688866}.release|x64.Build.0 = release|x64
		{60EB6EFC-8093-38F8-ABC1-6813418D1BE6}.checked|x64.ActiveCfg = checked|x64
		{60EB6EFC-8093-38F8-ABC1-6813418D1BE6}.checked|x64.Build.0 = checked|x64
		{60EB6EFC-8093-38F8-ABC1-6813418D1BE6}.debug|x64.ActiveCfg = debug|x64
		{60EB6EFC-8093-38F8-ABC1-6813418D1BE6}.debug|x64.Build.0 = debug|x64
		{60EB6EFC-8093-38F8-ABC1-6813418D1BE6}.profile|x64.ActiveCfg = profile|x64
		{60EB6EFC-8093-38F8-ABC1-6813418D1BE6}.profile|x64.Build.0 = profile|x64
		{60EB6EFC-8093-38F8-ABC1-6813418D1BE6}.release|x64.ActiveCfg = release|x64
		{60EB6EFC-8093-38F8-ABC1-6813418D1BE6}.release|x64.Build.0 = release|x64
		{33755BCB-99F0-349C-B570-5D32A174725C}.checked|x64.ActiveCfg = checked|x64
		{33755BCB-99F0-349C-B570-5D32A174725C}.debug|x64.ActiveCfg = debug|x64
		{33755BCB-99F0-349C-B570-5D32A174725C}.profile|x64.ActiveCfg = profile|x64
		{33755BCB-99F0-349C-B570-5D32A174725C}.release|x64.ActiveCfg = release|x64
		{A9780C6A-3069-30CF-A438-0B3F9BD01D5F}.checked|x64.ActiveCfg = checked|x64
		{A9780C6A-3069-30CF-A438-0B3F9BD01D5F}.checked|x64.Build.0 = checked|x64
		{A9780C6A-3069-30CF-A438-0B3F9BD01D5F}.debug|x64.ActiveCfg = debug|x64
		{A9780C6A-3069-30CF-A438-0B3F9BD01D5F}.debug|x64.Build.0 = debug|x64
		{A9780C6A-3069-30CF-A438-0B3F9BD01D5F}.profile|x64.ActiveCfg = profile|x64
		{A9780C6A-3069-30CF-A438-0B3F9BD01D5F}.profile|x64.Build.0 = profile|x64
		{A9780C6A-3069-30CF-A438-0B3F9BD01D5F}.release|x64.ActiveCfg = release|x64
		{A9780C6A-3069-30CF-A438-0B3F9BD01D5F}.release|x64.Build.0 = release|x64
		{FD3EA3BC-ACC6-34A8-B267-CB041094E904}.checked|x64.ActiveCfg = checked|x64
		{FD3EA3BC-ACC6-34A8-B267-CB041094E904}.checked|x64.Build.0 = checked|x64
		{FD3EA3BC-ACC6-34A8-B267-CB041094E904}.debug|x64.ActiveCfg = debug|x64
		{FD3EA3BC-ACC6-34A8-B267-CB041094E904}.debug|x64.Build.0 = debug|x64
		{FD3EA3BC-ACC6-34A8-B267-CB041094E904}.profile|x64.ActiveCfg = profile|x64
		{FD3EA3BC-ACC6-34A8-B267-CB041094E904}.profile|x64.Build.0 = profile|x64
		{FD3EA3BC-ACC6-34A8-B267-CB041094E904}.release|x64.ActiveCfg = release|x64
		{FD3EA3BC-ACC6-34A8-B267-CB041094E904}.release|x64.Build.0 = release|x64
		{1AC6D063-C053-3705-AA47-077B22A586F4}.checked|x64.ActiveCfg = checked|x64
		{1AC6D063-C053-3705-AA47-077B22A586F4}.checked|x64.Build.0 = checked|x64
		{1AC6D063-C053-3705-AA47-077B22A586F4}.debug|x64.ActiveCfg = debug|x64
		{1AC6D063-C053-3705-AA47-077B22A586F4}.debug|x64.Build.0 = debug|x64
		{1AC6D063-C053-3705-AA47-077B22A586F4}.profile|x64.ActiveCfg = profile|x64
		{1AC6D063-C053-3705-AA47-077B22A586F4}.profile|x64.Build.0 = profile|x64
		{1AC6D063-C053-3705-AA47-077B22A586F4}.release|x64.ActiveCfg = release|x64
		{1AC6D063-C053-3705-AA47-077B22A586F4}.release|x64.Build.0 = release|x64
		{7631EDC1-7236-34E8-B956-8B4D7D6710A8}.checked|x64.ActiveCfg = checked|x64
		{7631EDC1-7236-34E8-B956-8B4D7D6710A8}.checked|x64.Build.0 = checked|x64
		{7631EDC1-7236-34E8-B956-8B4D7D6710A8}.debug|x64.ActiveCfg = debug|x64
		{7631EDC1-7236-34E8-B956-8B4D7D6710A8}.debug|x64.Build.0 = debug|x64
		{7631EDC1-7236-34E8-B956-8B4D7D6710A8}.profile|x64.ActiveCfg = profile|x64
		{7631EDC1-7236-34E8-B956-8B4D7D6710A8}.profile|x64.Build.0 = profile|x64
		{7631EDC1-7236-34E8-B956-8B4D7D6710A8}.release|x64.ActiveCfg = release|x64
		{7631EDC1-7236-34E8-B956-8B4D7D6710A8}.release|x64.Build.0 = release|x64
		{97F4C49B-D6B3-3BDC-9546-F0966261A4E9}.checked|x64.ActiveCfg = checked|x64
		{97F4C49B-D6B3-3BDC-9546-F0966261A4E9}.checked|x64.Build.0 = checked|x64
		{97F4C49B-D6B3-3BDC-9546-F0966261A4E9}.debug|x64.ActiveCfg = debug|x64
		{97F4C49B-D6B3-3BDC-9546-F0966261A4E9}.debug|x64.Build.0 = debug|x64
		{97F4C49B-D6B3-3BDC-9546-F0966261A4E9}.profile|x64.ActiveCfg = profile|x64
		{97F4C49B-D6B3-3BDC-9546-F0966261A4E9}.profile|x64.Build.0 = profile|x64
		{97F4C49B-D6B3-3BDC-9546-F0966261A4E9}.release|x64.ActiveCfg = release|x64
		{97F4C49B-D6B3-3BDC-9546-F0966261A4E9}.release|x64.Build.0 = release|x64
		{C85C0589-BD44-36B5-A6B0-EAAB915CF673}.checked|x64.ActiveCfg = checked|x64
		{C85C0589-BD44-36B5-A6B0-EAAB915CF673}.checked|x64.Build.0 = checked|x64
		{C85C0589-BD44-36B5-A6B0-EAAB915CF673}.debug|x64.ActiveCfg = debug|x64
		{C85C0589-BD44-36B5-A6B0-EAAB915CF673}.debug|x64.Build.0 = debug|x64
		{C85C0589-BD44-36B5-A6B0-EAAB915CF673}.profile|x64.ActiveCfg = profile|x64
		{C85C0589-BD44-36B5-A6B0-EAAB915CF673}.profile|x64.Build.0 = profile|x64
		{C85C0589-BD44-36B5-A6B0-EAAB915CF673}.release|x64.ActiveCfg = release|x64
		{C85C0589-BD44-36B5-A6B0-EAAB915CF673}.release|x64.Build.0 = release|x64
		{BDC95B82-C5F5-354B-925C-6CBDD0FB5903}.checked|x64.ActiveCfg = checked|x64
		{BDC95B82-C5F5-354B-925C-6CBDD0FB5903}.checked|x64.Build.0 = checked|x64
		{BDC95B82-C5F5-354B-925C-6CBDD0FB5903}.debug|x64.ActiveCfg = debug|x64
		{BDC95B82-C5F5-354B-925C-6CBDD0FB5903}.debug|x64.Build.0 = debug|x64
		{BDC95B82-C5F5-354B-925C-6CBDD0FB5903}.profile|x64.ActiveCfg = profile|x64
		{BDC95B82-C5F5-354B-925C-6CBDD0FB5903}.profile|x64.Build.0 = profile|x64
		{BDC95B82-C5F5-354B-925C-6CBDD0FB5903}.release|x64.ActiveCfg = release|x64
		{BDC95B82-C5F5-354B-925C-6CBDD0FB5903}.release|x64.Build.0 = release|x64
		{BAF68684-F6E9-3169-B5DF-16C75B2E5EAE}.checked|x64.ActiveCfg = checked|x64
		{BAF68684-F6E9-3169-B5DF-16C75B2E5EAE}.checked|x64.Build.0 = checked|x64
		{BAF68684-F6E9-3169-B5DF-16C75B2E5EAE}.debug|x64.ActiveCfg = debug|x64
		{BAF68684-F6E9-3169-B5DF-16C75B2E5EAE}.debug|x64.Build.0 = debug|x64
		{BAF68684-F6E9-3169-B5DF-16C75B2E5EAE}.profile|x64.ActiveCfg = profile|x64
		{BAF68684-F6E9-3169-B5DF-16C75B2E5EAE}.profile|x64.Build.0 = profile|x64
		{BAF68684-F6E9-3169-B5DF-16C75B2E5EAE}.release|x64.ActiveCfg = release|x64
		{BAF68684-F6E9-3169-B5DF-16C75B2E5EAE}.release|x64.Build.0 = release|x64
		{F533A466-4E03-32AA-9E0E-995F05D6C773}.checked|x64.ActiveCfg = checked|x64
		{F533A466-4E03-32AA-9E0E-995F05D6C773}.checked|x64.Build.0 = checked|x64
		{F533A466-4E03-32AA-9E0E-995F05D6C773}.debug|x64.ActiveCfg = debug|x64
		{F533A466-4E03-32AA-9E0E-995F05D6C773}.debug|x64.Build.0 = debug|x64
		{F533A466-4E03-32AA-9E0E-995F05D6C773}.profile|x64.ActiveCfg = profile|x64
		{F533A466-4E03-32AA-9E0E-995F05D6C773}.profile|x64.Build.0 = profile|x64
		{F533A466-4E03-32AA-9E0E-995F05D6C773}.release|x64.ActiveCfg = release|x64
		{F533A466-4E03-32AA-9E0E-995F05D6C773}.release|x64.Build.0 = release|x64
		{0FBDF94A-CBCC-391B-AC96-CDA6F28FE2FD}.checked|x64.ActiveCfg = checked|x64
		{0FBDF94A-CBCC-391B-AC96-CDA6F28FE2FD}.checked|x64.Build.0 = checked|x64
		{0FBDF94A-CBCC-391B-AC96-CDA6F28FE2FD}.debug|x64.ActiveCfg = debug|x64
		{0FBDF94A-CBCC-391B-AC96-CDA6F28FE2FD}.debug|x64.Build.0 = debug|x64
		{0FBDF94A-CBCC-391B-AC96-CDA6F28FE2FD}.profile|x64.ActiveCfg = profile|x64
		{0FBDF94A-CBCC-391B-AC96-CDA6F28FE2FD}.profile|x64.Build.0 = profile|x64
		{0FBDF94A-CBCC-391B-AC96-CDA6F28FE2FD}.release|x64.ActiveCfg = release|x64
		{0FBDF94A-CBCC-391B-AC96-CDA6F28FE2FD}.release|x64.Build.0 = release|x64
		{891D1BAB-03C7-3F41-96BF-6B68F9A1F068}.checked|x64.ActiveCfg = checked|x64
		{891D1BAB-03C7-3F41-96BF-6B68F9A1F068}.checked|x64.Build.0 = checked|x64
		{891D1BAB-03C7-3F41-96BF-6B68F9A1F068}.debug|x64.ActiveCfg = debug|x64
		{891D1BAB-03C7-3F41-96BF-6B68F9A1F068}.debug|x64.Build.0 = debug|x64
		{891D1BAB-03C7-3F41-96BF-6B68F9A1F068}.profile|x64.ActiveCfg = profile|x64
		{891D1BAB-03C7-3F41-96BF-6B68F9A1F068}.profile|x64.Build.0 = profile|x64
		{891D1BAB-03C7-3F41-96BF-6B68F9A1F068}.release|x64.ActiveCfg = release|x64
		{891D1BAB-03C7-3F41-96BF-6B68F9A1F068}.release|x64.Build.0 = release|x64
		{E414D207-030F-384D-908E-E72A355ABBAF}.checked|x64.ActiveCfg = checked|x64
		{E414D207-030F-384D-908E-E72A355ABBAF}.checked|x64.Build.0 = checked|x64
		{E414D207-030F-384D-908E-E72A355ABBAF}.debug|x64.ActiveCfg = debug|x64
		{E414D207-030F-384D-908E-E72A355ABBAF}.debug|x64.Build.0 = debug|x64
		{E414D207-030F-384D-908E-E72A355ABBAF}.profile|x64.ActiveCfg = profile|x64
		{E414D207-030F-384D-908E-E72A355ABBAF}.profile|x64.Build.0 = profile|x64
		{E414D207-030F-384D-908E-E72A355ABBAF}.release|x64.ActiveCfg = release|x64
		{E414D207-030F-384D-908E-E72A355ABBAF}.release|x64.Build.0 = release|x64
		{8A705FA8-D661-3161-B6AB-44DA50DD253B}.checked|x64.ActiveCfg = checked|x64
		{8A705FA8-D661-3161-B6AB-44DA50DD253B}.checked|x64.Build.0 = checked|x64
		{8A705FA8-D661-3161-B6AB-44DA50DD253B}.debug|x64.ActiveCfg = debug|x64
		{8A705FA8-D661-3161-B6AB-44DA50DD253B}.debug|x64.Build.0 = debug|x64
		{8A705FA8-D661-3161-B6AB-44DA50DD253B}.profile|x64.ActiveCfg = profile|x64
		{8A705FA8-D661-3161-B6AB-44DA50DD253B}.profile|x64.Build.0 = profile|x64
		{8A705FA8-D661-3161-B6AB-44DA50DD253B}.release|x64.ActiveCfg = release|x64
		{8A705FA8-D661-3161-B6AB-44DA50DD253B}.release|x64.Build.0 = release|x64
		{3A56DF3D-B3E4-345E-AE92-5A730DDD59EC}.checked|x64.ActiveCfg = checked|x64
		{3A56DF3D-B3E4-345E-AE92-5A730DDD59EC}.checked|x64.Build.0 = checked|x64
		{3A56DF3D-B3E4-345E-AE92-5A730DDD59EC}.debug|x64.ActiveCfg = debug|x64
		{3A56DF3D-B3E4-345E-AE92-5A730DDD59EC}.debug|x64.Build.0 = debug|x64
		{3A56DF3D-B3E4-345E-AE92-5A730DDD59EC}.profile|x64.ActiveCfg = profile|x64
		{3A56DF3D-B3E4-345E-AE92-5A730DDD59EC}.profile|x64.Build.0 = profile|x64
		{3A56DF3D-B3E4-345E-AE92-5A730DDD59EC}.release|x64.ActiveCfg = release|x64
		{3A56DF3D-B3E4-345E-AE92-5A730DDD59EC}.release|x64.Build.0 = release|x64
		{3DA81FD6-7BA1-35E8-886C-89A923382F81}.checked|x64.ActiveCfg = checked|x64
		{3DA81FD6-7BA1-35E8-886C-89A923382F81}.checked|x64.Build.0 = checked|x64
		{3DA81FD6-7BA1-35E8-886C-89A923382F81}.debug|x64.ActiveCfg = debug|x64
		{3DA81FD6-7BA1-35E8-886C-89A923382F81}.debug|x64.Build.0 = debug|x64
		{3DA81FD6-7BA1-35E8-886C-89A923382F81}.profile|x64.ActiveCfg = profile|x64
		{3DA81FD6-7BA1-35E8-886C-89A923382F81}.profile|x64.Build.0 = profile|x64
		{3DA81FD6-7BA1-35E8-886C-89A923382F81}.release|x64.ActiveCfg = release|x64
		{3DA81FD6-7BA1-35E8-886C-89A923382F81}.release|x64.Build.0 = release|x64
		{5269E68D-6120-3A34-85DB-3E4ED824FF4F}.checked|x64.ActiveCfg = checked|x64
		{5269E68D-6120-3A34-85DB-3E4ED824FF4F}.checked|x64.Build.0 = checked|x64
		{5269E68D-6120-3A34-85DB-3E4ED824FF4F}.debug|x64.ActiveCfg = debug|x64
		{5269E68D-6120-3A34-85DB-3E4ED824FF4F}.debug|x64.Build.0 = debug|x64
		{5269E68D-6120-3A34-85DB-3E4ED824FF4F}.profile|x64.ActiveCfg = profile|x64
		{5269E68D-6120-3A34-85DB-3E4ED824FF4F}.profile|x64.Build.0 = profile|x64
		{5269E68D-6120-3A34-85DB-3E4ED824FF4F}.release|x64.ActiveCfg = release|x64
		{5269E68D-6120-3A34-85DB-3E4ED824FF4F}.release|x64.Build.0 = release|x64
		{6EE85052-BD18-3174-89CB-4091DCF0E3B6}.checked|x64.ActiveCfg = checked|x64
		{6EE85052-BD18-3174-89CB-4091DCF0E3B6}.checked|x64.Build.0 = checked|x64
		{6EE85052-BD18-3174-89CB-4091DCF0E3B6}.debug|x64.ActiveCfg = debug|x64
		{6EE85052-BD18-3174-89CB-4091DCF0E3B6}.debug|x64.Build.0 = debug|x64
		{6EE85052-BD18-3174-89CB-4091DCF0E3B6}.profile|x64.ActiveCfg = profile|x64
		{6EE85052-BD18-3174-89CB-4091DCF0E3B6}.profile|x64.Build.0 = profile|x64
		{6EE85052-BD18-3174-89CB-4091DCF0E3B6}.release|x64.ActiveCfg = release|x64
		{6EE85052-BD18-3174-89CB-4091DCF0E3B6}.release|x64.Build.0 = release|x64
		{45F5234E-2C5D-3200-BC6F-0355258295B0}.checked|x64.ActiveCfg = checked|x64
		{45F5234E-2C5D-3200-BC6F-0355258295B0}.checked|x64.Build.0 = checked|x64
		{45F5234E-2C5D-3200-BC6F-0355258295B0}.debug|x64.ActiveCfg = debug|x64
		{45F5234E-2C5D-3200-BC6F-0355258295B0}.debug|x64.Build.0 = debug|x64
		{45F5234E-2C5D-3200-BC6F-0355258295B0}.profile|x64.ActiveCfg = profile|x64
		{45F5234E-2C5D-3200-BC6F-0355258295B0}.profile|x64.Build.0 = profile|x64
		{45F5234E-2C5D-3200-BC6F-0355258295B0}.release|x64.ActiveCfg = release|x64
		{45F5234E-2C5D-3200-BC6F-0355258295B0}.release|x64.Build.0 = release|x64
		{50E5F16C-8A0E-3471-8DE8-1166F67C3EE4}.checked|x64.ActiveCfg = checked|x64
		{50E5F16C-8A0E-3471-8DE8-1166F67C3EE4}.checked|x64.Build.0 = checked|x64
		{50E5F16C-8A0E-3471-8DE8-1166F67C3EE4}.debug|x64.ActiveCfg = debug|x64
		{50E5F16C-8A0E-3471-8DE8-1166F67C3EE4}.debug|x64.Build.0 = debug|x64
		{50E5F16C-8A0E-3471-8DE8-1166F67C3EE4}.profile|x64.ActiveCfg = profile|x64
		{50E5F16C-8A0E-3471-8DE8-1166F67C3EE4}.profile|x64.Build.0 = profile|x64
		{50E5F16C-8A0E-3471-8DE8-1166F67C3EE4}.release|x64.ActiveCfg = release|x64
		{50E5F16C-8A0E-3471-8DE8-1166F67C3EE4}.release|x64.Build.0 = release|x64
		{227CD2EA-A1BE-3502-80F9-B906E7A2C81C}.checked|x64.ActiveCfg = checked|x64
		{227CD2EA-A1BE-3502-80F9-B906E7A2C81C}.checked|x64.Build.0 = checked|x64
		{227CD2EA-A1BE-3502-80F9-B906E7A2C81C}.debug|x64.ActiveCfg = debug|x64
		{227CD2EA-A1BE-3502-80F9-B906E7A2C81C}.debug|x64.Build.0 = debug|x64
		{227CD2EA-A1BE-3502-80F9-B906E7A2C81C}.profile|x64.ActiveCfg = profile|x64
		{227CD2EA-A1BE-3502-80F9-B906E7A2C81C}.profile|x64.Build.0 = profile|x64
		{227CD2EA-A1BE-3502-80F9-B906E7A2C81C}.release|x64.ActiveCfg = release|x64
		{227CD2EA-A1BE-3502-80F9-B906E7A2C81C}.release|x64.Build.0 = release|x64
		{AF7FE025-2B35-3638-BDFD-066B7F8F6C8E}.checked|x64.ActiveCfg = checked|x64
		{AF7FE025-2B35-3638-BDFD-066B7F8F6C8E}.checked|x64.Build.0 = checked|x64
		{AF7FE025-2B35-3638-BDFD-066B7F8F6C8E}.debug|x64.ActiveCfg = debug|x64
		{AF7FE025-2B35-3638-BDFD-066B7F8F6C8E}.debug|x64.Build.0 = debug|x64
		{AF7FE025-2B35-3638-BDFD-066B7F8F6C8E}.profile|x64.ActiveCfg = profile|x64
		{AF7FE025-2B35-3638-BDFD-066B7F8F6C8E}.profile|x64.Build.0 = profile|x64
		{AF7FE025-2B35-3638-BDFD-066B7F8F6C8E}.release|x64.ActiveCfg = release|x64
		{AF7FE025-2B35-3638-BDFD-066B7F8F6C8E}.release|x64.Build.0 = release|x64
		{F45B39DE-7372-38AE-9C30-450BD452B38D}.checked|x64.ActiveCfg = checked|x64
		{F45B39DE-7372-38AE-9C30-450BD452B38D}.checked|x64.Build.0 = checked|x64
		{F45B39DE-7372-38AE-9C30-450BD452B38D}.debug|x64.ActiveCfg = debug|x64
		{F45B39DE-7372-38AE-9C30-450BD452B38D}.debug|x64.Build.0 = debug|x64
		{F45B39DE-7372-38AE-9C30-450BD452B38D}.profile|x64.ActiveCfg = profile|x64
		{F45B39DE-7372-38AE-9C30-450BD452B38D}.profile|x64.Build.0 = profile|x64
		{F45B39DE-7372-38AE-9C30-450BD452B38D}.release|x64.ActiveCfg = release|x64
		{F45B39DE-7372-38AE-9C30-450BD452B38D}.release|x64.Build.0 = release|x64
		{93703804-9ACB-390E-9A77-C1746555402C}.checked|x64.ActiveCfg = checked|x64
		{93703804-9ACB-390E-9A77-C1746555402C}.checked|x64.Build.0 = checked|x64
		{93703804-9ACB-390E-9A77-C1746555402C}.debug|x64.ActiveCfg = debug|x64
		{93703804-9ACB-390E-9A77-C1746555402C}.debug|x64.Build.0 = debug|x64
		{93703804-9ACB-390E-9A77-C1746555402C}.profile|x64.ActiveCfg = profile|x64
		{93703804-9ACB-390E-9A77-C1746555402C}.profile|x64.Build.0 = profile|x64
		{93703804-9ACB-390E-9A77-C1746555402C}.release|x64.ActiveCfg = release|x64
		{93703804-9ACB-390E-9A77-C1746555402C}.release|x64.Build.0 = release|x64
		{D836E953-C291-32DF-A039-CDB512919049}.checked|x64.ActiveCfg = checked|x64
		{D836E953-C291-32DF-A039-CDB512919049}.checked|x64.Build.0 = checked|x64
		{D836E953-C291-32DF-A039-CDB512919049}.debug|x64.ActiveCfg = debug|x64
		{D836E953-C291-32DF-A039-CDB512919049}.debug|x64.Build.0 = debug|x64
		{D836E953-C291-32DF-A039-CDB512919049}.profile|x64.ActiveCfg = profile|x64
		{D836E953-C291-32DF-A039-CDB512919049}.profile|x64.Build.0 = profile|x64
		{D836E953-C291-32DF-A039-CDB512919049}.release|x64.ActiveCfg = release|x64
		{D836E953-C291-32DF-A039-CDB512919049}.release|x64.Build.0 = release|x64
		{D7D0BE8E-1CA8-3437-9395-1D5AC4B62622}.checked|x64.ActiveCfg = checked|x64
		{D7D0BE8E-1CA8-3437-9395-1D5AC4B62622}.checked|x64.Build.0 = checked|x64
		{D7D0BE8E-1CA8-3437-9395-1D5AC4B62622}.debug|x64.ActiveCfg = debug|x64
		{D7D0BE8E-1CA8-3437-9395-1D5AC4B62622}.debug|x64.Build.0 = debug|x64
		{D7D0BE8E-1CA8-3437-9395-1D5AC4B62622}.profile|x64.ActiveCfg = profile|x64
		{D7D0BE8E-1CA8-3437-9395-1D5AC4B62622}.profile|x64.Build.0 = profile|x64
		{D7D0BE8E-1CA8-3437-9395-1D5AC4B62622}.release|x64.ActiveCfg = release|x64
		{D7D0BE8E-1CA8-3437-9395-1D5AC4B62622}.release|x64.Build.0 = release|x64
		{8CF178F6-7B50-3F6D-B806-48D17D181C58}.checked|x64.ActiveCfg = checked|x64
		{8CF178F6-7B50-3F6D-B806-48D17D181C58}.checked|x64.Build.0 = checked|x64
		{8CF178F6-7B50-3F6D-B806-48D17D181C58}.debug|x64.ActiveCfg = debug|x64
		{8CF178F6-7B50-3F6D-B806-48D17D181C58}.debug|x64.Build.0 = debug|x64
		{8CF178F6-7B50-3F6D-B806-48D17D181C58}.profile|x64.ActiveCfg = profile|x64
		{8CF178F6-7B50-3F6D-B806-48D17D181C58}.profile|x64.Build.0 = profile|x64
		{8CF178F6-7B50-3F6D-B806-48D17D181C58}.release|x64.ActiveCfg = release|x64
		{8CF178F6-7B50-3F6D-B806-48D17D181C58}.release|x64.Build.0 = release|x64
		{0B43DA2A-493B-3940-A277-359089996C3B}.checked|x64.ActiveCfg = checked|x64
		{0B43DA2A-493B-3940-A277-359089996C3B}.checked|x64.Build.0 = checked|x64
		{0B43DA2A-493B-3940-A277-359089996C3B}.debug|x64.ActiveCfg = debug|x64
		{0B43DA2A-493B-3940-A277-359089996C3B}.debug|x64.Build.0 = debug|x64
		{0B43DA2A-493B-3940-A277-359089996C3B}.profile|x64.ActiveCfg = profile|x64
		{0B43DA2A-493B-3940-A277-359089996C3B}.profile|x64.Build.0 = profile|x64
		{0B43DA2A-493B-3940-A277-359089996C3B}.release|x64.ActiveCfg = release|x64
		{0B43DA2A-493B-3940-A277-359089996C3B}.release|x64.Build.0 = release|x64
		{66222892-3A27-36C1-8FA1-8614E0D4F1C5}.checked|x64.ActiveCfg = checked|x64
		{66222892-3A27-36C1-8FA1-8614E0D4F1C5}.checked|x64.Build.0 = checked|x64
		{66222892-3A27-36C1-8FA1-8614E0D4F1C5}.debug|x64.ActiveCfg = debug|x64
		{66222892-3A27-36C1-8FA1-8614E0D4F1C5}.debug|x64.Build.0 = debug|x64
		{66222892-3A27-36C1-8FA1-8614E0D4F1C5}.profile|x64.ActiveCfg = profile|x64
		{66222892-3A27-36C1-8FA1-8614E0D4F1C5}.profile|x64.Build.0 = profile|x64
		{66222892-3A27-36C1-8FA1-8614E0D4F1C5}.release|x64.ActiveCfg = release|x64
		{66222892-3A27-36C1-8FA1-8614E0D4F1C5}.release|x64.Build.0 = release|x64
		{06EA8E42-8BE8-3CDF-8306-49471D484C47}.checked|x64.ActiveCfg = checked|x64
		{06EA8E42-8BE8-3CDF-8306-49471D484C47}.checked|x64.Build.0 = checked|x64
		{06EA8E42-8BE8-3CDF-8306-49471D484C47}.debug|x64.ActiveCfg = debug|x64
		{06EA8E42-8BE8-3CDF-8306-49471D484C47}.debug|x64.Build.0 = debug|x64
		{06EA8E42-8BE8-3CDF-8306-49471D484C47}.profile|x64.ActiveCfg = profile|x64
		{06EA8E42-8BE8-3CDF-8306-49471D484C47}.profile|x64.Build.0 = profile|x64
		{06EA8E42-8BE8-3CDF-8306-49471D484C47}.release|x64.ActiveCfg = release|x64
		{06EA8E42-8BE8-3CDF-8306-49471D484C47}.release|x64.Build.0 = release|x64
		{52D58676-4DDE-3319-9CDB-86AF41A56275}.checked|x64.ActiveCfg = checked|x64
		{52D58676-4DDE-3319-9CDB-86AF41A56275}.checked|x64.Build.0 = checked|x64
		{52D58676-4DDE-3319-9CDB-86AF41A56275}.debug|x64.ActiveCfg = debug|x64
		{52D58676-4DDE-3319-9CDB-86AF41A56275}.debug|x64.Build.0 = debug|x64
		{52D58676-4DDE-3319-9CDB-86AF41A56275}.profile|x64.ActiveCfg = profile|x64
		{52D58676-4DDE-3319-9CDB-86AF41A56275}.profile|x64.Build.0 = profile|x64
		{52D58676-4DDE-3319-9CDB-86AF41A56275}.release|x64.ActiveCfg = release|x64
		{52D58676-4DDE-3319-9CDB-86AF41A56275}.release|x64.Build.0 = release|x64
		{1589EF9A-ACD7-36C0-9484-A77F0FB169EA}.checked|x64.ActiveCfg = checked|x64
		{1589EF9A-ACD7-36C0-9484-A77F0FB169EA}.checked|x64.Build.0 = checked|x64
		{1589EF9A-ACD7-36C0-9484-A77F0FB169EA}.debug|x64.ActiveCfg = debug|x64
		{1589EF9A-ACD7-36C0-9484-A77F0FB169EA}.debug|x64.Build.0 = debug|x64
		{1589EF9A-ACD7-36C0-9484-A77F0FB169EA}.profile|x64.ActiveCfg = profile|x64
		{1589EF9A-ACD7-36C0-9484-A77F0FB169EA}.profile|x64.Build.0 = profile|x64
		{1589EF9A-ACD7-36C0-9484-A77F0FB169EA}.release|x64.ActiveCfg = release|x64
		{1589EF9A-ACD7-36C0-9484-A77F0FB169EA}.release|x64.Build.0 = release|x64
		{82F508DE-3950-3E59-B835-70875A7E9946}.checked|x64.ActiveCfg = checked|x64
		{82F508DE-3950-3E59-B835-70875A7E9946}.checked|x64.Build.0 = checked|x64
		{82F508DE-3950-3E59-B835-70875A7E9946}.debug|x64.ActiveCfg = debug|x64
		{82F508DE-3950-3E59-B835-70875A7E9946}.debug|x64.Build.0 = debug|x64
		{82F508DE-3950-3E59-B835-70875A7E9946}.profile|x64.ActiveCfg = profile|x64
		{82F508DE-3950-3E59-B835-70875A7E9946}.profile|x64.Build.0 = profile|x64
		{82F508DE-3950-3E59-B835-70875A7E9946}.release|x64.ActiveCfg = release|x64
		{82F508DE-3950-3E59-B835-70875A7E9946}.release|x64.Build.0 = release|x64
		{506653F4-714F-3D71-BF0B-003A2CCEE2BB}.checked|x64.ActiveCfg = checked|x64
		{506653F4-714F-3D71-BF0B-003A2CCEE2BB}.checked|x64.Build.0 = checked|x64
		{506653F4-714F-3D71-BF0B-003A2CCEE2BB}.debug|x64.ActiveCfg = debug|x64
		{506653F4-714F-3D71-BF0B-003A2CCEE2BB}.debug|x64.Build.0 = debug|x64
		{506653F4-714F-3D71-BF0B-003A2CCEE2BB}.profile|x64.ActiveCfg = profile|x64
		{506653F4-714F-3D71-BF0B-003A2CCEE2BB}.profile|x64.Build.0 = profile|x64
		{506653F4-714F-3D71-BF0B-003A2CCEE2BB}.release|x64.ActiveCfg = release|x64
		{506653F4-714F-3D71-BF0B-003A2CCEE2BB}.release|x64.Build.0 = release|x64
		{3CD6E2E0-AB37-3132-8068-23D458401D95}.checked|x64.ActiveCfg = checked|x64
		{3CD6E2E0-AB37-3132-8068-23D458401D95}.checked|x64.Build.0 = checked|x64
		{3CD6E2E0-AB37-3132-8068-23D458401D95}.debug|x64.ActiveCfg = debug|x64
		{3CD6E2E0-AB37-3132-8068-23D458401D95}.debug|x64.Build.0 = debug|x64
		{3CD6E2E0-AB37-3132-8068-23D458401D95}.profile|x64.ActiveCfg = profile|x64
		{3CD6E2E0-AB37-3132-8068-23D458401D95}.profile|x64.Build.0 = profile|x64
		{3CD6E2E0-AB37-3132-8068-23D458401D95}.release|x64.ActiveCfg = release|x64
		{3CD6E2E0-AB37-3132-8068-23D458401D95}.release|x64.Build.0 = release|x64
		{629D9A47-9BAD-3679-9A94-659D2E6B1925}.checked|x64.ActiveCfg = checked|x64
		{629D9A47-9BAD-3679-9A94-659D2E6B1925}.checked|x64.Build.0 = checked|x64
		{629D9A47-9BAD-3679-9A94-659D2E6B1925}.debug|x64.ActiveCfg = debug|x64
		{629D9A47-9BAD-3679-9A94-659D2E6B1925}.debug|x64.Build.0 = debug|x64
		{629D9A47-9BAD-3679-9A94-659D2E6B1925}.profile|x64.ActiveCfg = profile|x64
		{629D9A47-9BAD-3679-9A94-659D2E6B1925}.profile|x64.Build.0 = profile|x64
		{629D9A47-9BAD-3679-9A94-659D2E6B1925}.release|x64.ActiveCfg = release|x64
		{629D9A47-9BAD-3679-9A94-659D2E6B1925}.release|x64.Build.0 = release|x64
		{BE59F538-E7FA-30E2-97CD-D804B67362B2}.checked|x64.ActiveCfg = checked|x64
		{BE59F538-E7FA-30E2-97CD-D804B67362B2}.checked|x64.Build.0 = checked|x64
		{BE59F538-E7FA-30E2-97CD-D804B67362B2}.debug|x64.ActiveCfg = debug|x64
		{BE59F538-E7FA-30E2-97CD-D804B67362B2}.debug|x64.Build.0 = debug|x64
		{BE59F538-E7FA-30E2-97CD-D804B67362B2}.profile|x64.ActiveCfg = profile|x64
		{BE59F538-E7FA-30E2-97CD-D804B67362B2}.profile|x64.Build.0 = profile|x64
		{BE59F538-E7FA-30E2-97CD-D804B67362B2}.release|x64.ActiveCfg = release|x64
		{BE59F538-E7FA-30E2-97CD-D804B67362B2}.release|x64.Build.0 = release|x64
		{E3546A61-393D-3523-A421-BC59EA06D592}.checked|x64.ActiveCfg = checked|x64
		{E3546A61-393D-3523-A421-BC59EA06D592}.checked|x64.Build.0 = checked|x64
		{E3546A61-393D-3523-A421-BC59EA06D592}.debug|x64.ActiveCfg = debug|x64
		{E3546A61-393D-3523-A421-BC59EA06D592}.debug|x64.Build.0 = debug|x64
		{E3546A61-393D-3523-A421-BC59EA06D592}.profile|x64.ActiveCfg = profile|x64
		{E3546A61-393D-3523-A421-BC59EA06D592}.profile|x64.Build.0 = profile|x64
		{E3546A61-393D-3523-A421-BC59EA06D592}.release|x64.ActiveCfg = release|x64
		{E3546A61-393D-3523-A421-BC59EA06D592}.release|x64.Build.0 = release|x64
		{C4350D3C-47FC-38AE-BCF5-6AF2B5ABD5B1}.checked|x64.ActiveCfg = checked|x64
		{C4350D3C-47FC-38AE-BCF5-6AF2B5ABD5B1}.checked|x64.Build.0 = checked|x64
		{C4350D3C-47FC-38AE-BCF5-6AF2B5ABD5B1}.debug|x64.ActiveCfg = debug|x64
		{C4350D3C-47FC-38AE-BCF5-6AF2B5ABD5B1}.debug|x64.Build.0 = debug|x64
		{C4350D3C-47FC-38AE-BCF5-6AF2B5ABD5B1}.profile|x64.ActiveCfg = profile|x64
		{C4350D3C-47FC-38AE-BCF5-6AF2B5ABD5B1}.profile|x64.Build.0 = profile|x64
		{C4350D3C-47FC-38AE-BCF5-6AF2B5ABD5B1}.release|x64.ActiveCfg = release|x64
		{C4350D3C-47FC-38AE-BCF5-6AF2B5ABD5B1}.release|x64.Build.0 = release|x64
		{ED3695A9-CE2E-3ACE-9FCE-8D053D11BC0A}.checked|x64.ActiveCfg = checked|x64
		{ED3695A9-CE2E-3ACE-9FCE-8D053D11BC0A}.checked|x64.Build.0 = checked|x64
		{ED3695A9-CE2E-3ACE-9FCE-8D053D11BC0A}.debug|x64.ActiveCfg = debug|x64
		{ED3695A9-CE2E-3ACE-9FCE-8D053D11BC0A}.debug|x64.Build.0 = debug|x64
		{ED3695A9-CE2E-3ACE-9FCE-8D053D11BC0A}.profile|x64.ActiveCfg = profile|x64
		{ED3695A9-CE2E-3ACE-9FCE-8D053D11BC0A}.profile|x64.Build.0 = profile|x64
		{ED3695A9-CE2E-3ACE-9FCE-8D053D11BC0A}.release|x64.ActiveCfg = release|x64
		{ED3695A9-CE2E-3ACE-9FCE-8D053D11BC0A}.release|x64.Build.0 = release|x64
		{FA25BEA0-30CF-3C57-9860-83B57508DBA2}.checked|x64.ActiveCfg = checked|x64
		{FA25BEA0-30CF-3C57-9860-83B57508DBA2}.checked|x64.Build.0 = checked|x64
		{FA25BEA0-30CF-3C57-9860-83B57508DBA2}.debug|x64.ActiveCfg = debug|x64
		{FA25BEA0-30CF-3C57-9860-83B57508DBA2}.debug|x64.Build.0 = debug|x64
		{FA25BEA0-30CF-3C57-9860-83B57508DBA2}.profile|x64.ActiveCfg = profile|x64
		{FA25BEA0-30CF-3C57-9860-83B57508DBA2}.profile|x64.Build.0 = profile|x64
		{FA25BEA0-30CF-3C57-9860-83B57508DBA2}.release|x64.ActiveCfg = release|x64
		{FA25BEA0-30CF-3C57-9860-83B57508DBA2}.release|x64.Build.0 = release|x64
		{6347E49F-3DED-3501-B1AE-7FE5AAEFDAC7}.checked|x64.ActiveCfg = checked|x64
		{6347E49F-3DED-3501-B1AE-7FE5AAEFDAC7}.checked|x64.Build.0 = checked|x64
		{6347E49F-3DED-3501-B1AE-7FE5AAEFDAC7}.debug|x64.ActiveCfg = debug|x64
		{6347E49F-3DED-3501-B1AE-7FE5AAEFDAC7}.debug|x64.Build.0 = debug|x64
		{6347E49F-3DED-3501-B1AE-7FE5AAEFDAC7}.profile|x64.ActiveCfg = profile|x64
		{6347E49F-3DED-3501-B1AE-7FE5AAEFDAC7}.profile|x64.Build.0 = profile|x64
		{6347E49F-3DED-3501-B1AE-7FE5AAEFDAC7}.release|x64.ActiveCfg = release|x64
		{6347E49F-3DED-3501-B1AE-7FE5AAEFDAC7}.release|x64.Build.0 = release|x64
		{914E849C-590A-3188-BAF4-344EBA84E98B}.checked|x64.ActiveCfg = checked|x64
		{914E849C-590A-3188-BAF4-344EBA84E98B}.checked|x64.Build.0 = checked|x64
		{914E849C-590A-3188-BAF4-344EBA84E98B}.debug|x64.ActiveCfg = debug|x64
		{914E849C-590A-3188-BAF4-344EBA84E98B}.debug|x64.Build.0 = debug|x64
		{914E849C-590A-3188-BAF4-344EBA84E98B}.profile|x64.ActiveCfg = profile|x64
		{914E849C-590A-3188-BAF4-344EBA84E98B}.profile|x64.Build.0 = profile|x64
		{914E849C-590A-3188-BAF4-344EBA84E98B}.release|x64.ActiveCfg = release|x64
		{914E849C-590A-3188-BAF4-344EBA84E98B}.release|x64.Build.0 = release|x64
		{DDF59903-290E-3B3A-8D4A-ADA512AB8121}.checked|x64.ActiveCfg = checked|x64
		{DDF59903-290E-3B3A-8D4A-ADA512AB8121}.checked|x64.Build.0 = checked|x64
		{DDF59903-290E-3B3A-8D4A-ADA512AB8121}.debug|x64.ActiveCfg = debug|x64
		{DDF59903-290E-3B3A-8D4A-ADA512AB8121}.debug|x64.Build.0 = debug|x64
		{DDF59903-290E-3B3A-8D4A-ADA512AB8121}.profile|x64.ActiveCfg = profile|x64
		{DDF59903-290E-3B3A-8D4A-ADA512AB8121}.profile|x64.Build.0 = profile|x64
		{DDF59903-290E-3B3A-8D4A-ADA512AB8121}.release|x64.ActiveCfg = release|x64
		{DDF59903-290E-3B3A-8D4A-ADA512AB8121}.release|x64.Build.0 = release|x64
		{DB7FFA01-92E8-3B66-8FC8-175CA93EC373}.checked|x64.ActiveCfg = checked|x64
		{DB7FFA01-92E8-3B66-8FC8-175CA93EC373}.checked|x64.Build.0 = checked|x64
		{DB7FFA01-92E8-3B66-8FC8-175CA93EC373}.debug|x64.ActiveCfg = debug|x64
		{DB7FFA01-92E8-3B66-8FC8-175CA93EC373}.debug|x64.Build.0 = debug|x64
		{DB7FFA01-92E8-3B66-8FC8-175CA93EC373}.profile|x64.ActiveCfg = profile|x64
		{DB7FFA01-92E8-3B66-8FC8-175CA93EC373}.profile|x64.Build.0 = profile|x64
		{DB7FFA01-92E8-3B66-8FC8-175CA93EC373}.release|x64.ActiveCfg = release|x64
		{DB7FFA01-92E8-3B66-8FC8-175CA93EC373}.release|x64.Build.0 = release|x64
		{05A7FEB2-C50A-3B85-A6C2-3F1139E5F242}.checked|x64.ActiveCfg = checked|x64
		{05A7FEB2-C50A-3B85-A6C2-3F1139E5F242}.checked|x64.Build.0 = checked|x64
		{05A7FEB2-C50A-3B85-A6C2-3F1139E5F242}.debug|x64.ActiveCfg = debug|x64
		{05A7FEB2-C50A-3B85-A6C2-3F1139E5F242}.debug|x64.Build.0 = debug|x64
		{05A7FEB2-C50A-3B85-A6C2-3F1139E5F242}.profile|x64.ActiveCfg = profile|x64
		{05A7FEB2-C50A-3B85-A6C2-3F1139E5F242}.profile|x64.Build.0 = profile|x64
		{05A7FEB2-C50A-3B85-A6C2-3F1139E5F242}.release|x64.ActiveCfg = release|x64
		{05A7FEB2-C50A-3B85-A6C2-3F1139E5F242}.release|x64.Build.0 = release|x64
		{11204DAC-8404-3394-92AC-2D90FE6B8919}.checked|x64.ActiveCfg = checked|x64
		{11204DAC-8404-3394-92AC-2D90FE6B8919}.checked|x64.Build.0 = checked|x64
		{11204DAC-8404-3394-92AC-2D90FE6B8919}.debug|x64.ActiveCfg = debug|x64
		{11204DAC-8404-3394-92AC-2D90FE6B8919}.debug|x64.Build.0 = debug|x64
		{11204DAC-8404-3394-92AC-2D90FE6B8919}.profile|x64.ActiveCfg = profile|x64
		{11204DAC-8404-3394-92AC-2D90FE6B8919}.profile|x64.Build.0 = profile|x64
		{11204DAC-8404-3394-92AC-2D90FE6B8919}.release|x64.ActiveCfg = release|x64
		{11204DAC-8404-3394-92AC-2D90FE6B8919}.release|x64.Build.0 = release|x64
		{5C5EF188-56B4-314B-A2E0-25762231FD0C}.checked|x64.ActiveCfg = checked|x64
		{5C5EF188-56B4-314B-A2E0-25762231FD0C}.checked|x64.Build.0 = checked|x64
		{5C5EF188-56B4-314B-A2E0-25762231FD0C}.debug|x64.ActiveCfg = debug|x64
		{5C5EF188-56B4-314B-A2E0-25762231FD0C}.debug|x64.Build.0 = debug|x64
		{5C5EF188-56B4-314B-A2E0-25762231FD0C}.profile|x64.ActiveCfg = profile|x64
		{5C5EF188-56B4-314B-A2E0-25762231FD0C}.profile|x64.Build.0 = profile|x64
		{5C5EF188-56B4-314B-A2E0-25762231FD0C}.release|x64.ActiveCfg = release|x64
		{5C5EF188-56B4-314B-A2E0-25762231FD0C}.release|x64.Build.0 = release|x64
		{05EF5E9E-410E-3B31-90C1-BDB605189B1F}.checked|x64.ActiveCfg = checked|x64
		{05EF5E9E-410E-3B31-90C1-BDB605189B1F}.checked|x64.Build.0 = checked|x64
		{05EF5E9E-410E-3B31-90C1-BDB605189B1F}.debug|x64.ActiveCfg = debug|x64
		{05EF5E9E-410E-3B31-90C1-BDB605189B1F}.debug|x64.Build.0 = debug|x64
		{05EF5E9E-410E-3B31-90C1-BDB605189B1F}.profile|x64.ActiveCfg = profile|x64
		{05EF5E9E-410E-3B31-90C1-BDB605189B1F}.profile|x64.Build.0 = profile|x64
		{05EF5E9E-410E-3B31-90C1-BDB605189B1F}.release|x64.ActiveCfg = release|x64
		{05EF5E9E-410E-3B31-90C1-BDB605189B1F}.release|x64.Build.0 = release|x64
		{AF77320F-9880-3720-9282-632F80D2781E}.checked|x64.ActiveCfg = checked|x64
		{AF77320F-9880-3720-9282-632F80D2781E}.checked|x64.Build.0 = checked|x64
		{AF77320F-9880-3720-9282-632F80D2781E}.debug|x64.ActiveCfg = debug|x64
		{AF77320F-9880-3720-9282-632F80D2781E}.debug|x64.Build.0 = debug|x64
		{AF77320F-9880-3720-9282-632F80D2781E}.profile|x64.ActiveCfg = profile|x64
		{AF77320F-9880-3720-9282-632F80D2781E}.profile|x64.Build.0 = profile|x64
		{AF77320F-9880-3720-9282-632F80D2781E}.release|x64.ActiveCfg = release|x64
		{AF77320F-9880-3720-9282-632F80D2781E}.release|x64.Build.0 = release|x64
		{254BF2B7-3628-31DA-B32E-7059C7BC9E9A}.checked|x64.ActiveCfg = checked|x64
		{254BF2B7-3628-31DA-B32E-7059C7BC9E9A}.checked|x64.Build.0 = checked|x64
		{254BF2B7-3628-31DA-B32E-7059C7BC9E9A}.debug|x64.ActiveCfg = debug|x64
		{254BF2B7-3628-31DA-B32E-7059C7BC9E9A}.debug|x64.Build.0 = debug|x64
		{254BF2B7-3628-31DA-B32E-7059C7BC9E9A}.profile|x64.ActiveCfg = profile|x64
		{254BF2B7-3628-31DA-B32E-7059C7BC9E9A}.profile|x64.Build.0 = profile|x64
		{254BF2B7-3628-31DA-B32E-7059C7BC9E9A}.release|x64.ActiveCfg = release|x64
		{254BF2B7-3628-31DA-B32E-7059C7BC9E9A}.release|x64.Build.0 = release|x64
		{082D1889-059B-3A02-9730-7E1CB750BEAE}.checked|x64.ActiveCfg = checked|x64
		{082D1889-059B-3A02-9730-7E1CB750BEAE}.checked|x64.Build.0 = checked|x64
		{082D1889-059B-3A02-9730-7E1CB750BEAE}.debug|x64.ActiveCfg = debug|x64
		{082D1889-059B-3A02-9730-7E1CB750BEAE}.debug|x64.Build.0 = debug|x64
		{082D1889-059B-3A02-9730-7E1CB750BEAE}.profile|x64.ActiveCfg = profile|x64
		{082D1889-059B-3A02-9730-7E1CB750BEAE}.profile|x64.Build.0 = profile|x64
		{082D1889-059B-3A02-9730-7E1CB750BEAE}.release|x64.ActiveCfg = release|x64
		{082D1889-059B-3A02-9730-7E1CB750BEAE}.release|x64.Build.0 = release|x64
		{F5F9A0C0-91E1-313D-8713-E09C75CD9674}.checked|x64.ActiveCfg = checked|x64
		{F5F9A0C0-91E1-313D-8713-E09C75CD9674}.checked|x64.Build.0 = checked|x64
		{F5F9A0C0-91E1-313D-8713-E09C75CD9674}.debug|x64.ActiveCfg = debug|x64
		{F5F9A0C0-91E1-313D-8713-E09C75CD9674}.debug|x64.Build.0 = debug|x64
		{F5F9A0C0-91E1-313D-8713-E09C75CD9674}.profile|x64.ActiveCfg = profile|x64
		{F5F9A0C0-91E1-313D-8713-E09C75CD9674}.profile|x64.Build.0 = profile|x64
		{F5F9A0C0-91E1-313D-8713-E09C75CD9674}.release|x64.ActiveCfg = release|x64
		{F5F9A0C0-91E1-313D-8713-E09C75CD9674}.release|x64.Build.0 = release|x64
		{FB9D99A4-337F-3F06-80AB-BFA65263B504}.checked|x64.ActiveCfg = checked|x64
		{FB9D99A4-337F-3F06-80AB-BFA65263B504}.checked|x64.Build.0 = checked|x64
		{FB9D99A4-337F-3F06-80AB-BFA65263B504}.debug|x64.ActiveCfg = debug|x64
		{FB9D99A4-337F-3F06-80AB-BFA65263B504}.debug|x64.Build.0 = debug|x64
		{FB9D99A4-337F-3F06-80AB-BFA65263B504}.profile|x64.ActiveCfg = profile|x64
		{FB9D99A4-337F-3F06-80AB-BFA65263B504}.profile|x64.Build.0 = profile|x64
		{FB9D99A4-337F-3F06-80AB-BFA65263B504}.release|x64.ActiveCfg = release|x64
		{FB9D99A4-337F-3F06-80AB-BFA65263B504}.release|x64.Build.0 = release|x64
		{A414168B-8592-31DE-BB0A-2536266D78E6}.checked|x64.ActiveCfg = checked|x64
		{A414168B-8592-31DE-BB0A-2536266D78E6}.checked|x64.Build.0 = checked|x64
		{A414168B-8592-31DE-BB0A-2536266D78E6}.debug|x64.ActiveCfg = debug|x64
		{A414168B-8592-31DE-BB0A-2536266D78E6}.debug|x64.Build.0 = debug|x64
		{A414168B-8592-31DE-BB0A-2536266D78E6}.profile|x64.ActiveCfg = profile|x64
		{A414168B-8592-31DE-BB0A-2536266D78E6}.profile|x64.Build.0 = profile|x64
		{A414168B-8592-31DE-BB0A-2536266D78E6}.release|x64.ActiveCfg = release|x64
		{A414168B-8592-31DE-BB0A-2536266D78E6}.release|x64.Build.0 = release|x64
		{2C6CB496-9C22-3BF1-8B20-6A7B6E9BEE51}.checked|x64.ActiveCfg = checked|x64
		{2C6CB496-9C22-3BF1-8B20-6A7B6E9BEE51}.checked|x64.Build.0 = checked|x64
		{2C6CB496-9C22-3BF1-8B20-6A7B6E9BEE51}.debug|x64.ActiveCfg = debug|x64
		{2C6CB496-9C22-3BF1-8B20-6A7B6E9BEE51}.debug|x64.Build.0 = debug|x64
		{2C6CB496-9C22-3BF1-8B20-6A7B6E9BEE51}.profile|x64.ActiveCfg = profile|x64
		{2C6CB496-9C22-3BF1-8B20-6A7B6E9BEE51}.profile|x64.Build.0 = profile|x64
		{2C6CB496-9C22-3BF1-8B20-6A7B6E9BEE51}.release|x64.ActiveCfg = release|x64
		{2C6CB496-9C22-3BF1-8B20-6A7B6E9BEE51}.release|x64.Build.0 = release|x64
		{C58777B4-C8EA-38A1-BF63-2949E132B3B4}.checked|x64.ActiveCfg = checked|x64
		{C58777B4-C8EA-38A1-BF63-2949E132B3B4}.checked|x64.Build.0 = checked|x64
		{C58777B4-C8EA-38A1-BF63-2949E132B3B4}.debug|x64.ActiveCfg = debug|x64
		{C58777B4-C8EA-38A1-BF63-2949E132B3B4}.debug|x64.Build.0 = debug|x64
		{C58777B4-C8EA-38A1-BF63-2949E132B3B4}.profile|x64.ActiveCfg = profile|x64
		{C58777B4-C8EA-38A1-BF63-2949E132B3B4}.profile|x64.Build.0 = profile|x64
		{C58777B4-C8EA-38A1-BF63-2949E132B3B4}.release|x64.ActiveCfg = release|x64
		{C58777B4-C8EA-38A1-BF63-2949E132B3B4}.release|x64.Build.0 = release|x64
		{2E087B0B-BA69-479D-9948-34D478E62229}.checked|x64.ActiveCfg = checked|x64
		{2E087B0B-BA69-479D-9948-34D478E62229}.checked|x64.Build.0 = checked|x64
		{2E087B0B-BA69-479D-9948-34D478E62229}.debug|x64.ActiveCfg = debug|x64
		{2E087B0B-BA69-479D-9948-34D478E62229}.debug|x64.Build.0 = debug|x64
		{2E087B0B-BA69-479D-9948-34D478E62229}.profile|x64.ActiveCfg = checked|x64
		{2E087B0B-BA69-479D-9948-34D478E62229}.profile|x64.Build.0 = checked|x64
		{2E087B0B-BA69-479D-9948-34D478E62229}.release|x64.ActiveCfg = release|x64
		{2E087B0B-BA69-479D-9948-34D478E62229}.release|x64.Build.0 = release|x64
	EndGlobalSection
	GlobalSection(SolutionProperties) = preSolution
		HideSolutionNode = FALSE
	EndGlobalSection
	GlobalSection(NestedProjects) = preSolution
		{4A7DA3C8-7AC9-3C34-B216-BD25E8688866} = {E2EC0CC3-A1EC-3A7A-BD56-17224057F583}
		{60EB6EFC-8093-38F8-ABC1-6813418D1BE6} = {1673C03A-2491-3FBE-9AD8-01DC92F6FE48}
		{33755BCB-99F0-349C-B570-5D32A174725C} = {E2EC0CC3-A1EC-3A7A-BD56-17224057F583}
		{A9780C6A-3069-30CF-A438-0B3F9BD01D5F} = {1673C03A-2491-3FBE-9AD8-01DC92F6FE48}
		{FD3EA3BC-ACC6-34A8-B267-CB041094E904} = {1673C03A-2491-3FBE-9AD8-01DC92F6FE48}
		{1AC6D063-C053-3705-AA47-077B22A586F4} = {1673C03A-2491-3FBE-9AD8-01DC92F6FE48}
		{7631EDC1-7236-34E8-B956-8B4D7D6710A8} = {1673C03A-2491-3FBE-9AD8-01DC92F6FE48}
		{97F4C49B-D6B3-3BDC-9546-F0966261A4E9} = {1673C03A-2491-3FBE-9AD8-01DC92F6FE48}
		{C85C0589-BD44-36B5-A6B0-EAAB915CF673} = {1673C03A-2491-3FBE-9AD8-01DC92F6FE48}
		{BDC95B82-C5F5-354B-925C-6CBDD0FB5903} = {1673C03A-2491-3FBE-9AD8-01DC92F6FE48}
		{BAF68684-F6E9-3169-B5DF-16C75B2E5EAE} = {1673C03A-2491-3FBE-9AD8-01DC92F6FE48}
		{F533A466-4E03-32AA-9E0E-995F05D6C773} = {1673C03A-2491-3FBE-9AD8-01DC92F6FE48}
		{0FBDF94A-CBCC-391B-AC96-CDA6F28FE2FD} = {1673C03A-2491-3FBE-9AD8-01DC92F6FE48}
		{891D1BAB-03C7-3F41-96BF-6B68F9A1F068} = {1673C03A-2491-3FBE-9AD8-01DC92F6FE48}
		{E414D207-030F-384D-908E-E72A355ABBAF} = {1673C03A-2491-3FBE-9AD8-01DC92F6FE48}
		{8A705FA8-D661-3161-B6AB-44DA50DD253B} = {573EAA83-470F-3D5B-8E03-DBF257273B2C}
		{3A56DF3D-B3E4-345E-AE92-5A730DDD59EC} = {573EAA83-470F-3D5B-8E03-DBF257273B2C}
		{3DA81FD6-7BA1-35E8-886C-89A923382F81} = {573EAA83-470F-3D5B-8E03-DBF257273B2C}
		{5269E68D-6120-3A34-85DB-3E4ED824FF4F} = {573EAA83-470F-3D5B-8E03-DBF257273B2C}
		{6EE85052-BD18-3174-89CB-4091DCF0E3B6} = {573EAA83-470F-3D5B-8E03-DBF257273B2C}
		{45F5234E-2C5D-3200-BC6F-0355258295B0} = {573EAA83-470F-3D5B-8E03-DBF257273B2C}
		{50E5F16C-8A0E-3471-8DE8-1166F67C3EE4} = {1673C03A-2491-3FBE-9AD8-01DC92F6FE48}
		{227CD2EA-A1BE-3502-80F9-B906E7A2C81C} = {1673C03A-2491-3FBE-9AD8-01DC92F6FE48}
		{AF7FE025-2B35-3638-BDFD-066B7F8F6C8E} = {3705DC60-CD6B-3797-BE72-098F25421863}
		{F45B39DE-7372-38AE-9C30-450BD452B38D} = {3705DC60-CD6B-3797-BE72-098F25421863}
		{93703804-9ACB-390E-9A77-C1746555402C} = {3705DC60-CD6B-3797-BE72-098F25421863}
		{D836E953-C291-32DF-A039-CDB512919049} = {3705DC60-CD6B-3797-BE72-098F25421863}
		{D7D0BE8E-1CA8-3437-9395-1D5AC4B62622} = {3705DC60-CD6B-3797-BE72-098F25421863}
		{8CF178F6-7B50-3F6D-B806-48D17D181C58} = {3705DC60-CD6B-3797-BE72-098F25421863}
		{0B43DA2A-493B-3940-A277-359089996C3B} = {3705DC60-CD6B-3797-BE72-098F25421863}
		{66222892-3A27-36C1-8FA1-8614E0D4F1C5} = {3705DC60-CD6B-3797-BE72-098F25421863}
		{06EA8E42-8BE8-3CDF-8306-49471D484C47} = {3705DC60-CD6B-3797-BE72-098F25421863}
		{52D58676-4DDE-3319-9CDB-86AF41A56275} = {3705DC60-CD6B-3797-BE72-098F25421863}
		{1589EF9A-ACD7-36C0-9484-A77F0FB169EA} = {3705DC60-CD6B-3797-BE72-098F25421863}
		{82F508DE-3950-3E59-B835-70875A7E9946} = {3705DC60-CD6B-3797-BE72-098F25421863}
		{506653F4-714F-3D71-BF0B-003A2CCEE2BB} = {3705DC60-CD6B-3797-BE72-098F25421863}
		{3CD6E2E0-AB37-3132-8068-23D458401D95} = {3705DC60-CD6B-3797-BE72-098F25421863}
		{629D9A47-9BAD-3679-9A94-659D2E6B1925} = {3705DC60-CD6B-3797-BE72-098F25421863}
		{BE59F538-E7FA-30E2-97CD-D804B67362B2} = {3705DC60-CD6B-3797-BE72-098F25421863}
		{E3546A61-393D-3523-A421-BC59EA06D592} = {3705DC60-CD6B-3797-BE72-098F25421863}
		{C4350D3C-47FC-38AE-BCF5-6AF2B5ABD5B1} = {3705DC60-CD6B-3797-BE72-098F25421863}
		{ED3695A9-CE2E-3ACE-9FCE-8D053D11BC0A} = {3705DC60-CD6B-3797-BE72-098F25421863}
		{FA25BEA0-30CF-3C57-9860-83B57508DBA2} = {3705DC60-CD6B-3797-BE72-098F25421863}
		{6347E49F-3DED-3501-B1AE-7FE5AAEFDAC7} = {3705DC60-CD6B-3797-BE72-098F25421863}
		{914E849C-590A-3188-BAF4-344EBA84E98B} = {3705DC60-CD6B-3797-BE72-098F25421863}
		{DDF59903-290E-3B3A-8D4A-ADA512AB8121} = {3705DC60-CD6B-3797-BE72-098F25421863}
		{DB7FFA01-92E8-3B66-8FC8-175CA93EC373} = {3705DC60-CD6B-3797-BE72-098F25421863}
		{05A7FEB2-C50A-3B85-A6C2-3F1139E5F242} = {3705DC60-CD6B-3797-BE72-098F25421863}
		{11204DAC-8404-3394-92AC-2D90FE6B8919} = {3705DC60-CD6B-3797-BE72-098F25421863}
		{5C5EF188-56B4-314B-A2E0-25762231FD0C} = {3705DC60-CD6B-3797-BE72-098F25421863}
		{05EF5E9E-410E-3B31-90C1-BDB605189B1F} = {3705DC60-CD6B-3797-BE72-098F25421863}
		{AF77320F-9880-3720-9282-632F80D2781E} = {3705DC60-CD6B-3797-BE72-098F25421863}
		{254BF2B7-3628-31DA-B32E-7059C7BC9E9A} = {3705DC60-CD6B-3797-BE72-098F25421863}
		{082D1889-059B-3A02-9730-7E1CB750BEAE} = {3705DC60-CD6B-3797-BE72-098F25421863}
		{F5F9A0C0-91E1-313D-8713-E09C75CD9674} = {3705DC60-CD6B-3797-BE72-098F25421863}
		{FB9D99A4-337F-3F06-80AB-BFA65263B504} = {3705DC60-CD6B-3797-BE72-098F25421863}
		{A414168B-8592-31DE-BB0A-2536266D78E6} = {3705DC60-CD6B-3797-BE72-098F25421863}
		{2C6CB496-9C22-3BF1-8B20-6A7B6E9BEE51} = {3705DC60-CD6B-3797-BE72-098F25421863}
		{C58777B4-C8EA-38A1-BF63-2949E132B3B4} = {E2EC0CC3-A1EC-3A7A-BD56-17224057F583}
	EndGlobalSection
	GlobalSection(ExtensibilityGlobals) = postSolution
		SolutionGuid = {A4CF4A3C-BA58-3A4A-BF5B-226CD9CFA7D0}
	EndGlobalSection
EndGlobal
